// !$*UTF8*$!
{
	archiveVersion = 1;
	classes = {
	};
	objectVersion = 46;
	objects = {

/* Begin PBXBuildFile section */
		204583F41E83C03500EEB3FC /* CallMembership.swift in Sources */ = {isa = PBXBuildFile; fileRef = 204583F31E83C03500EEB3FC /* CallMembership.swift */; };
		2074343E1E98B7A200C5EBCD /* CallState.swift in Sources */ = {isa = PBXBuildFile; fileRef = 2074343D1E98B7A200C5EBCD /* CallState.swift */; };
		207434421E9B30CC00C5EBCD /* SerialQueue.swift in Sources */ = {isa = PBXBuildFile; fileRef = 207434411E9B30CC00C5EBCD /* SerialQueue.swift */; };
		208C13511E88C10500B8DEF0 /* CallEventSequencer.swift in Sources */ = {isa = PBXBuildFile; fileRef = 208C13501E88C10500B8DEF0 /* CallEventSequencer.swift */; };
		209360381E89DA7300D6BC4A /* Logger.swift in Sources */ = {isa = PBXBuildFile; fileRef = 209360371E89DA7300D6BC4A /* Logger.swift */; };
		3D15B7101D3E176C003BB682 /* SparkSDK.framework in Frameworks */ = {isa = PBXBuildFile; fileRef = B91E75251CE2D6FF0080EAE0 /* SparkSDK.framework */; };
		3D1E57931CEDA348006124B0 /* OAuthClient.swift in Sources */ = {isa = PBXBuildFile; fileRef = 3D1E57901CEDA348006124B0 /* OAuthClient.swift */; };
		3D1E57971CEDA351006124B0 /* NSDate+Extension.swift in Sources */ = {isa = PBXBuildFile; fileRef = 3D1E57941CEDA351006124B0 /* NSDate+Extension.swift */; };
		3D1E57981CEDA351006124B0 /* NSURL+Extension.swift in Sources */ = {isa = PBXBuildFile; fileRef = 3D1E57951CEDA351006124B0 /* NSURL+Extension.swift */; };
		3D1E57991CEDA351006124B0 /* String+Extension.swift in Sources */ = {isa = PBXBuildFile; fileRef = 3D1E57961CEDA351006124B0 /* String+Extension.swift */; };
		3D2D51071D3E2173005FC665 /* Wme.framework in CopyFiles */ = {isa = PBXBuildFile; fileRef = B900B6A41CE2DB3100DC83CB /* Wme.framework */; settings = {ATTRIBUTES = (CodeSignOnCopy, RemoveHeadersOnCopy, ); }; };
		3D2DF7591CFEAB0A00002F36 /* UserDefaults.swift in Sources */ = {isa = PBXBuildFile; fileRef = 3D2DF7581CFEAB0A00002F36 /* UserDefaults.swift */; };
		3D3131431D3EF932007717B2 /* Config.swift in Sources */ = {isa = PBXBuildFile; fileRef = 3DA099F11D3EF82500205DF6 /* Config.swift */; };
		3D31B7861D41B7F500D8DB55 /* MembershipTests.swift in Sources */ = {isa = PBXBuildFile; fileRef = 3DA099F31D3EF82500205DF6 /* MembershipTests.swift */; };
		3D31B7871D41B7F500D8DB55 /* MessageTests.swift in Sources */ = {isa = PBXBuildFile; fileRef = 3DA099F41D3EF82500205DF6 /* MessageTests.swift */; };
		3D31B7881D41B7F500D8DB55 /* PeopleTests.swift in Sources */ = {isa = PBXBuildFile; fileRef = 3DA099F51D3EF82500205DF6 /* PeopleTests.swift */; };
		3D31B7891D41B7F500D8DB55 /* PhoneTests.swift in Sources */ = {isa = PBXBuildFile; fileRef = 3DA099F61D3EF82500205DF6 /* PhoneTests.swift */; };
		3D31B78A1D41B7F500D8DB55 /* RoomTests.swift in Sources */ = {isa = PBXBuildFile; fileRef = 3DA099F71D3EF82500205DF6 /* RoomTests.swift */; };
		3D31B78B1D41B7F500D8DB55 /* SequenceTests.swift in Sources */ = {isa = PBXBuildFile; fileRef = 3DA099F81D3EF82500205DF6 /* SequenceTests.swift */; };
		3D31B78C1D41B7F500D8DB55 /* TeamMembershipTests.swift in Sources */ = {isa = PBXBuildFile; fileRef = 3DA099F91D3EF82500205DF6 /* TeamMembershipTests.swift */; };
		3D31B78D1D41B7F500D8DB55 /* TeamTests.swift in Sources */ = {isa = PBXBuildFile; fileRef = 3DA099FA1D3EF82500205DF6 /* TeamTests.swift */; };
		3D31B78F1D41B7F500D8DB55 /* WebhookTests.swift in Sources */ = {isa = PBXBuildFile; fileRef = 3DA099FF1D3EF82500205DF6 /* WebhookTests.swift */; };
		3D31B7911D41B7F500D8DB55 /* TestTeam.swift in Sources */ = {isa = PBXBuildFile; fileRef = 3DA099FC1D3EF82500205DF6 /* TestTeam.swift */; };
		3D3499581CF3ED30004022C3 /* ExponentialBackOffCounter.swift in Sources */ = {isa = PBXBuildFile; fileRef = 3D3499571CF3ED30004022C3 /* ExponentialBackOffCounter.swift */; };
		3D66B1AC1D24AD4A0016A072 /* Team.swift in Sources */ = {isa = PBXBuildFile; fileRef = 3D66B1A91D24AD4A0016A072 /* Team.swift */; };
		3D66B1AD1D24AD4A0016A072 /* TeamClient.swift in Sources */ = {isa = PBXBuildFile; fileRef = 3D66B1AA1D24AD4A0016A072 /* TeamClient.swift */; };
		3D66B1AE1D24AD4A0016A072 /* TeamClient+Sync.swift in Sources */ = {isa = PBXBuildFile; fileRef = 3D66B1AB1D24AD4A0016A072 /* TeamClient+Sync.swift */; };
		3D66B1B21D24AD570016A072 /* TeamMembership.swift in Sources */ = {isa = PBXBuildFile; fileRef = 3D66B1AF1D24AD570016A072 /* TeamMembership.swift */; };
		3D66B1B31D24AD570016A072 /* TeamMembershipClient.swift in Sources */ = {isa = PBXBuildFile; fileRef = 3D66B1B01D24AD570016A072 /* TeamMembershipClient.swift */; };
		3D66B1B41D24AD570016A072 /* TeamMembershipClient+Sync.swift in Sources */ = {isa = PBXBuildFile; fileRef = 3D66B1B11D24AD570016A072 /* TeamMembershipClient+Sync.swift */; };
		3D81E30E1D41BBAD0085970A /* SparkTestFixture.swift in Sources */ = {isa = PBXBuildFile; fileRef = 3D81E30D1D41BBAD0085970A /* SparkTestFixture.swift */; };
		3D8F9BFB1D1D048400A0277D /* EmailAddress.swift in Sources */ = {isa = PBXBuildFile; fileRef = 3D8F9BFA1D1D048400A0277D /* EmailAddress.swift */; };
		3D9E1A261D3EF4AC007E570C /* Wme.framework in Frameworks */ = {isa = PBXBuildFile; fileRef = B900B6A41CE2DB3100DC83CB /* Wme.framework */; };
		3DA3D58B1CF4347A008E8372 /* RequestParameter.swift in Sources */ = {isa = PBXBuildFile; fileRef = 3DA3D58A1CF4347A008E8372 /* RequestParameter.swift */; };
		3DB6A8D71D35D7DB00077E56 /* DtmfQueue.swift in Sources */ = {isa = PBXBuildFile; fileRef = 3DB6A8D61D35D7DB00077E56 /* DtmfQueue.swift */; };
		3DEEA4F11D11418800EB73F6 /* H264LicensePrompter.swift in Sources */ = {isa = PBXBuildFile; fileRef = 3DEEA4F01D11418800EB73F6 /* H264LicensePrompter.swift */; };
		3DEEA4F31D11419800EB73F6 /* UIAlertController+Extension.swift in Sources */ = {isa = PBXBuildFile; fileRef = 3DEEA4F21D11419800EB73F6 /* UIAlertController+Extension.swift */; };
		4A985AE5CCD64A08A1EAA48A /* Pods_SparkSDKTests.framework in Frameworks */ = {isa = PBXBuildFile; fileRef = 04C39C57C69FBCA5500482A1 /* Pods_SparkSDKTests.framework */; };
		5A8B997F1DF1D43C003633E1 /* OAuthLauncher.swift in Sources */ = {isa = PBXBuildFile; fileRef = 5A8B997E1DF1D43C003633E1 /* OAuthLauncher.swift */; };
		5A8B99811DF222FB003633E1 /* OAuthUrlUtil.swift in Sources */ = {isa = PBXBuildFile; fileRef = 5A8B99801DF222FB003633E1 /* OAuthUrlUtil.swift */; };
		5A9350D91E00737900374B99 /* Clock.swift in Sources */ = {isa = PBXBuildFile; fileRef = 5A9350D81E00737900374B99 /* Clock.swift */; };
		5A9350DB1E00742D00374B99 /* MockClock.swift in Sources */ = {isa = PBXBuildFile; fileRef = 5A9350DA1E00742D00374B99 /* MockClock.swift */; };
		5AC09EB31DE4D02C005F38BC /* AuthenticationStrategy.swift in Sources */ = {isa = PBXBuildFile; fileRef = 5AC09EB21DE4D02C005F38BC /* AuthenticationStrategy.swift */; };
		5AC09EB51DE61822005F38BC /* OAuthStrategy.swift in Sources */ = {isa = PBXBuildFile; fileRef = 5AC09EB41DE61822005F38BC /* OAuthStrategy.swift */; };
		5AC09EB71DE63C27005F38BC /* OAuthKeychainStorage.swift in Sources */ = {isa = PBXBuildFile; fileRef = 5AC09EB61DE63C27005F38BC /* OAuthKeychainStorage.swift */; };
		5AC09EB91DE63C66005F38BC /* OAuthStorage.swift in Sources */ = {isa = PBXBuildFile; fileRef = 5AC09EB81DE63C66005F38BC /* OAuthStorage.swift */; };
		5AC09EBB1DE63FD8005F38BC /* OAuthAuthenticationInfo.swift in Sources */ = {isa = PBXBuildFile; fileRef = 5AC09EBA1DE63FD8005F38BC /* OAuthAuthenticationInfo.swift */; };
		5AFA0BD11DEE0AE400B6F6C9 /* OAuthStrategyTests.swift in Sources */ = {isa = PBXBuildFile; fileRef = 5AFA0BD01DEE0AE400B6F6C9 /* OAuthStrategyTests.swift */; };
		5AFA0BD31DEE0B2F00B6F6C9 /* OAuthKeychainStorageTests.swift in Sources */ = {isa = PBXBuildFile; fileRef = 5AFA0BD21DEE0B2F00B6F6C9 /* OAuthKeychainStorageTests.swift */; };
		5AFA0BD51DEE376A00B6F6C9 /* SimpleAuthStrategy.swift in Sources */ = {isa = PBXBuildFile; fileRef = 5AFA0BD41DEE376A00B6F6C9 /* SimpleAuthStrategy.swift */; };
		5AFB6E901DF5C5110027E989 /* JWTAccessTokenCreationResult.swift in Sources */ = {isa = PBXBuildFile; fileRef = 5AFB6E8A1DF5C5110027E989 /* JWTAccessTokenCreationResult.swift */; };
		5AFB6E911DF5C5110027E989 /* JWTAuthClient.swift in Sources */ = {isa = PBXBuildFile; fileRef = 5AFB6E8B1DF5C5110027E989 /* JWTAuthClient.swift */; };
		5AFB6E921DF5C5110027E989 /* JWTAuthenticationInfo.swift in Sources */ = {isa = PBXBuildFile; fileRef = 5AFB6E8C1DF5C5110027E989 /* JWTAuthenticationInfo.swift */; };
		5AFB6E931DF5C5110027E989 /* JWTAuthKeychainStorage.swift in Sources */ = {isa = PBXBuildFile; fileRef = 5AFB6E8D1DF5C5110027E989 /* JWTAuthKeychainStorage.swift */; };
		5AFB6E941DF5C5110027E989 /* JWTAuthStorage.swift in Sources */ = {isa = PBXBuildFile; fileRef = 5AFB6E8E1DF5C5110027E989 /* JWTAuthStorage.swift */; };
		5AFB6E951DF5C5110027E989 /* JWTAuthStrategy.swift in Sources */ = {isa = PBXBuildFile; fileRef = 5AFB6E8F1DF5C5110027E989 /* JWTAuthStrategy.swift */; };
		5AFB6E991DF5C6500027E989 /* KeychainProtocol.swift in Sources */ = {isa = PBXBuildFile; fileRef = 5AFB6E981DF5C6500027E989 /* KeychainProtocol.swift */; };
		5AFB6E9B1DF5C6E90027E989 /* MockKeychain.swift in Sources */ = {isa = PBXBuildFile; fileRef = 5AFB6E9A1DF5C6E90027E989 /* MockKeychain.swift */; };
		5AFB6E9C1DF5C7720027E989 /* JWTAuthKeychainStorageTests.swift in Sources */ = {isa = PBXBuildFile; fileRef = 5AFB6E961DF5C5D50027E989 /* JWTAuthKeychainStorageTests.swift */; };
		5AFB6E9D1DF5C7770027E989 /* JWTAuthStrategyTests.swift in Sources */ = {isa = PBXBuildFile; fileRef = 5AFB6E881DF5C4DF0027E989 /* JWTAuthStrategyTests.swift */; };
		5D024F011CFBC08400D2E358 /* InterfaceAddress.swift in Sources */ = {isa = PBXBuildFile; fileRef = 5D024F001CFBC08400D2E358 /* InterfaceAddress.swift */; };
		5D10539B1D066CF6004B30B7 /* MediaOption.swift in Sources */ = {isa = PBXBuildFile; fileRef = 5D10539A1D066CF6004B30B7 /* MediaOption.swift */; };
		5D1A5D031CF6FB3A00313515 /* ReachabilityModel.swift in Sources */ = {isa = PBXBuildFile; fileRef = 5D1A5D011CF6FB3A00313515 /* ReachabilityModel.swift */; };
		5D1A5D091CF8130E00313515 /* ReachabilityTransportStatusModel.swift in Sources */ = {isa = PBXBuildFile; fileRef = 5D1A5D081CF8130E00313515 /* ReachabilityTransportStatusModel.swift */; };
		5D1A5D0B1CF821D000313515 /* MediaEngineReachabilityFeedback.swift in Sources */ = {isa = PBXBuildFile; fileRef = 5D1A5D0A1CF821D000313515 /* MediaEngineReachabilityFeedback.swift */; };
		5D67C6511CF04E6400758F6B /* SDKLogger.swift in Sources */ = {isa = PBXBuildFile; fileRef = 5D67C64D1CF04E6400758F6B /* SDKLogger.swift */; };
		5D67C6521CF04E6400758F6B /* LogManager.swift in Sources */ = {isa = PBXBuildFile; fileRef = 5D67C64E1CF04E6400758F6B /* LogManager.swift */; };
		5D67C6531CF04E6400758F6B /* MediaEngineCustomLogger.swift in Sources */ = {isa = PBXBuildFile; fileRef = 5D67C64F1CF04E6400758F6B /* MediaEngineCustomLogger.swift */; };
		5D67C6541CF04E6400758F6B /* MemoryLogger.swift in Sources */ = {isa = PBXBuildFile; fileRef = 5D67C6501CF04E6400758F6B /* MemoryLogger.swift */; };
		5D67C6661CF4525C00758F6B /* MediaCluster.swift in Sources */ = {isa = PBXBuildFile; fileRef = 5D67C6641CF4525C00758F6B /* MediaCluster.swift */; };
		5D67C66F1CF68C0700758F6B /* MediaClusterClient.swift in Sources */ = {isa = PBXBuildFile; fileRef = 5D67C66E1CF68C0700758F6B /* MediaClusterClient.swift */; };
		5D67C6711CF6AB1700758F6B /* ReachabilityService.swift in Sources */ = {isa = PBXBuildFile; fileRef = 5D67C6701CF6AB1700758F6B /* ReachabilityService.swift */; };
		5D93AEB91D29E0C700196F6F /* TimestampFormatter.swift in Sources */ = {isa = PBXBuildFile; fileRef = 5D93AEB81D29E0C700196F6F /* TimestampFormatter.swift */; };
		5D93AEBD1D2B3AB400196F6F /* MediaSessionWrapper.swift in Sources */ = {isa = PBXBuildFile; fileRef = 5D93AEBC1D2B3AB400196F6F /* MediaSessionWrapper.swift */; };
		5D93AEBF1D2B590000196F6F /* MediaSessionObserver.swift in Sources */ = {isa = PBXBuildFile; fileRef = 5D93AEBE1D2B590000196F6F /* MediaSessionObserver.swift */; };
		8F76AFC66858F3A389132CA8 /* Pods_SparkSDK.framework in Frameworks */ = {isa = PBXBuildFile; fileRef = 6080E1EF317F17286A8D40A5 /* Pods_SparkSDK.framework */; };
		B900B6A51CE2DB3100DC83CB /* Wme.framework in Frameworks */ = {isa = PBXBuildFile; fileRef = B900B6A41CE2DB3100DC83CB /* Wme.framework */; };
		B91E75951CE2D7B70080EAE0 /* AccessTokenModel.swift in Sources */ = {isa = PBXBuildFile; fileRef = B91E75321CE2D7B70080EAE0 /* AccessTokenModel.swift */; };
		B91E75981CE2D7B70080EAE0 /* OAuthViewController.swift in Sources */ = {isa = PBXBuildFile; fileRef = B91E75351CE2D7B70080EAE0 /* OAuthViewController.swift */; };
		B91E759A1CE2D7B70080EAE0 /* CommonTypes.swift in Sources */ = {isa = PBXBuildFile; fileRef = B91E75381CE2D7B70080EAE0 /* CommonTypes.swift */; };
		B91E759B1CE2D7B70080EAE0 /* SparkError.swift in Sources */ = {isa = PBXBuildFile; fileRef = B91E75391CE2D7B70080EAE0 /* SparkError.swift */; };
		B91E759D1CE2D7B70080EAE0 /* Result.swift in Sources */ = {isa = PBXBuildFile; fileRef = B91E753B1CE2D7B70080EAE0 /* Result.swift */; };
		B91E759E1CE2D7B70080EAE0 /* ServiceRequest.swift in Sources */ = {isa = PBXBuildFile; fileRef = B91E753C1CE2D7B70080EAE0 /* ServiceRequest.swift */; };
		B91E759F1CE2D7B70080EAE0 /* ServiceResponse.swift in Sources */ = {isa = PBXBuildFile; fileRef = B91E753D1CE2D7B70080EAE0 /* ServiceResponse.swift */; };
		B91E75A01CE2D7B70080EAE0 /* SyncUtil.swift in Sources */ = {isa = PBXBuildFile; fileRef = B91E753E1CE2D7B70080EAE0 /* SyncUtil.swift */; };
		B91E75A11CE2D7B70080EAE0 /* UserAgent.swift in Sources */ = {isa = PBXBuildFile; fileRef = B91E753F1CE2D7B70080EAE0 /* UserAgent.swift */; };
		B91E75A21CE2D7B70080EAE0 /* MediaEngineWrapper.swift in Sources */ = {isa = PBXBuildFile; fileRef = B91E75411CE2D7B70080EAE0 /* MediaEngineWrapper.swift */; };
		B91E75A31CE2D7B70080EAE0 /* MediaEngineObserver.swift in Sources */ = {isa = PBXBuildFile; fileRef = B91E75421CE2D7B70080EAE0 /* MediaEngineObserver.swift */; };
		B91E75A41CE2D7B70080EAE0 /* Membership.swift in Sources */ = {isa = PBXBuildFile; fileRef = B91E75441CE2D7B70080EAE0 /* Membership.swift */; };
		B91E75A51CE2D7B70080EAE0 /* MembershipClient+Sync.swift in Sources */ = {isa = PBXBuildFile; fileRef = B91E75451CE2D7B70080EAE0 /* MembershipClient+Sync.swift */; };
		B91E75A61CE2D7B70080EAE0 /* MembershipClient.swift in Sources */ = {isa = PBXBuildFile; fileRef = B91E75461CE2D7B70080EAE0 /* MembershipClient.swift */; };
		B91E75A71CE2D7B70080EAE0 /* Message.swift in Sources */ = {isa = PBXBuildFile; fileRef = B91E75481CE2D7B70080EAE0 /* Message.swift */; };
		B91E75A81CE2D7B70080EAE0 /* MessageClient+Sync.swift in Sources */ = {isa = PBXBuildFile; fileRef = B91E75491CE2D7B70080EAE0 /* MessageClient+Sync.swift */; };
		B91E75A91CE2D7B70080EAE0 /* MessageClient.swift in Sources */ = {isa = PBXBuildFile; fileRef = B91E754A1CE2D7B70080EAE0 /* MessageClient.swift */; };
		B91E75AA1CE2D7B70080EAE0 /* Metric+Names.swift in Sources */ = {isa = PBXBuildFile; fileRef = B91E754C1CE2D7B70080EAE0 /* Metric+Names.swift */; };
		B91E75AB1CE2D7B70080EAE0 /* Metric.swift in Sources */ = {isa = PBXBuildFile; fileRef = B91E754D1CE2D7B70080EAE0 /* Metric.swift */; };
		B91E75AC1CE2D7B70080EAE0 /* MetricsBuffer.swift in Sources */ = {isa = PBXBuildFile; fileRef = B91E754E1CE2D7B70080EAE0 /* MetricsBuffer.swift */; };
		B91E75AD1CE2D7B70080EAE0 /* MetricsClient.swift in Sources */ = {isa = PBXBuildFile; fileRef = B91E754F1CE2D7B70080EAE0 /* MetricsClient.swift */; };
		B91E75AE1CE2D7B70080EAE0 /* MetricsEngine.swift in Sources */ = {isa = PBXBuildFile; fileRef = B91E75501CE2D7B70080EAE0 /* MetricsEngine.swift */; };
		B91E75B01CE2D7B70080EAE0 /* Person.swift in Sources */ = {isa = PBXBuildFile; fileRef = B91E75531CE2D7B70080EAE0 /* Person.swift */; };
		B91E75B11CE2D7B70080EAE0 /* PersonClient+Sync.swift in Sources */ = {isa = PBXBuildFile; fileRef = B91E75541CE2D7B70080EAE0 /* PersonClient+Sync.swift */; };
		B91E75B21CE2D7B70080EAE0 /* PersonClient.swift in Sources */ = {isa = PBXBuildFile; fileRef = B91E75551CE2D7B70080EAE0 /* PersonClient.swift */; };
		B91E75B31CE2D7B70080EAE0 /* Call.swift in Sources */ = {isa = PBXBuildFile; fileRef = B91E75581CE2D7B70080EAE0 /* Call.swift */; };
		B91E75B41CE2D7B70080EAE0 /* CallClient.swift in Sources */ = {isa = PBXBuildFile; fileRef = B91E75591CE2D7B70080EAE0 /* CallClient.swift */; };
		B91E75B71CE2D7B70080EAE0 /* CallMetrics.swift in Sources */ = {isa = PBXBuildFile; fileRef = B91E755C1CE2D7B70080EAE0 /* CallMetrics.swift */; };
		B91E75C61CE2D7B70080EAE0 /* DeviceModel.swift in Sources */ = {isa = PBXBuildFile; fileRef = B91E756D1CE2D7B70080EAE0 /* DeviceModel.swift */; };
		B91E75C71CE2D7B70080EAE0 /* DeviceClient.swift in Sources */ = {isa = PBXBuildFile; fileRef = B91E756E1CE2D7B70080EAE0 /* DeviceClient.swift */; };
		B91E75C81CE2D7B70080EAE0 /* DeviceService.swift in Sources */ = {isa = PBXBuildFile; fileRef = B91E756F1CE2D7B70080EAE0 /* DeviceService.swift */; };
		B91E75CC1CE2D7B70080EAE0 /* CallModel.swift in Sources */ = {isa = PBXBuildFile; fileRef = B91E75741CE2D7B70080EAE0 /* CallModel.swift */; };
		B91E75CE1CE2D7B70080EAE0 /* MediaConnectionModel.swift in Sources */ = {isa = PBXBuildFile; fileRef = B91E75761CE2D7B70080EAE0 /* MediaConnectionModel.swift */; };
		B91E75D01CE2D7B70080EAE0 /* ParticipantModel.swift in Sources */ = {isa = PBXBuildFile; fileRef = B91E75781CE2D7B70080EAE0 /* ParticipantModel.swift */; };
		B91E75D51CE2D7B70080EAE0 /* SequenceModel.swift in Sources */ = {isa = PBXBuildFile; fileRef = B91E757D1CE2D7B70080EAE0 /* SequenceModel.swift */; };
		B91E75D61CE2D7B70080EAE0 /* Phone.swift in Sources */ = {isa = PBXBuildFile; fileRef = B91E757E1CE2D7B70080EAE0 /* Phone.swift */; };
		B91E75D71CE2D7B70080EAE0 /* WebSocketService.swift in Sources */ = {isa = PBXBuildFile; fileRef = B91E757F1CE2D7B70080EAE0 /* WebSocketService.swift */; };
		B91E75D81CE2D7B70080EAE0 /* Room.swift in Sources */ = {isa = PBXBuildFile; fileRef = B91E75811CE2D7B70080EAE0 /* Room.swift */; };
		B91E75D91CE2D7B70080EAE0 /* RoomClient+Sync.swift in Sources */ = {isa = PBXBuildFile; fileRef = B91E75821CE2D7B70080EAE0 /* RoomClient+Sync.swift */; };
		B91E75DA1CE2D7B70080EAE0 /* RoomClient.swift in Sources */ = {isa = PBXBuildFile; fileRef = B91E75831CE2D7B70080EAE0 /* RoomClient.swift */; };
		B91E75DB1CE2D7B70080EAE0 /* Spark.swift in Sources */ = {isa = PBXBuildFile; fileRef = B91E75841CE2D7B70080EAE0 /* Spark.swift */; };
		B91E75E01CE2D7B70080EAE0 /* Array+Extension.swift in Sources */ = {isa = PBXBuildFile; fileRef = B91E758B1CE2D7B70080EAE0 /* Array+Extension.swift */; };
		B91E75E11CE2D7B70080EAE0 /* Dictionary+Extension.swift in Sources */ = {isa = PBXBuildFile; fileRef = B91E758C1CE2D7B70080EAE0 /* Dictionary+Extension.swift */; };
		B91E75E21CE2D7B70080EAE0 /* NotificationObserver.swift in Sources */ = {isa = PBXBuildFile; fileRef = B91E758D1CE2D7B70080EAE0 /* NotificationObserver.swift */; };
		B91E75E41CE2D7B70080EAE0 /* SparkSDK-Bridging-Header.h in Headers */ = {isa = PBXBuildFile; fileRef = B91E758F1CE2D7B70080EAE0 /* SparkSDK-Bridging-Header.h */; };
		B91E75E61CE2D7B70080EAE0 /* Webhook.swift in Sources */ = {isa = PBXBuildFile; fileRef = B91E75921CE2D7B70080EAE0 /* Webhook.swift */; };
		B91E75E71CE2D7B70080EAE0 /* WebHookClient+Sync.swift in Sources */ = {isa = PBXBuildFile; fileRef = B91E75931CE2D7B70080EAE0 /* WebHookClient+Sync.swift */; };
		B91E75E81CE2D7B70080EAE0 /* WebhookClient.swift in Sources */ = {isa = PBXBuildFile; fileRef = B91E75941CE2D7B70080EAE0 /* WebhookClient.swift */; };
/* End PBXBuildFile section */

/* Begin PBXContainerItemProxy section */
		3D15B7111D3E176C003BB682 /* PBXContainerItemProxy */ = {
			isa = PBXContainerItemProxy;
			containerPortal = B91E751C1CE2D6FF0080EAE0 /* Project object */;
			proxyType = 1;
			remoteGlobalIDString = B91E75241CE2D6FF0080EAE0;
			remoteInfo = SparkSDK;
		};
/* End PBXContainerItemProxy section */

/* Begin PBXCopyFilesBuildPhase section */
		3D2D51061D3E2168005FC665 /* CopyFiles */ = {
			isa = PBXCopyFilesBuildPhase;
			buildActionMask = 2147483647;
			dstPath = "";
			dstSubfolderSpec = 10;
			files = (
				3D2D51071D3E2173005FC665 /* Wme.framework in CopyFiles */,
			);
			runOnlyForDeploymentPostprocessing = 0;
		};
/* End PBXCopyFilesBuildPhase section */

/* Begin PBXFileReference section */
		03465B4B839D301A66862F33 /* Pods-SparkSDKTests.releasetest.xcconfig */ = {isa = PBXFileReference; includeInIndex = 1; lastKnownFileType = text.xcconfig; name = "Pods-SparkSDKTests.releasetest.xcconfig"; path = "Pods/Target Support Files/Pods-SparkSDKTests/Pods-SparkSDKTests.releasetest.xcconfig"; sourceTree = "<group>"; };
		04C39C57C69FBCA5500482A1 /* Pods_SparkSDKTests.framework */ = {isa = PBXFileReference; explicitFileType = wrapper.framework; includeInIndex = 0; path = Pods_SparkSDKTests.framework; sourceTree = BUILT_PRODUCTS_DIR; };
		15D66403F3F4E4F8A79206C0 /* Pods-SparkSDKTests.debug.xcconfig */ = {isa = PBXFileReference; includeInIndex = 1; lastKnownFileType = text.xcconfig; name = "Pods-SparkSDKTests.debug.xcconfig"; path = "Pods/Target Support Files/Pods-SparkSDKTests/Pods-SparkSDKTests.debug.xcconfig"; sourceTree = "<group>"; };
		204583F31E83C03500EEB3FC /* CallMembership.swift */ = {isa = PBXFileReference; fileEncoding = 4; lastKnownFileType = sourcecode.swift; path = CallMembership.swift; sourceTree = "<group>"; };
		2074343D1E98B7A200C5EBCD /* CallState.swift */ = {isa = PBXFileReference; fileEncoding = 4; lastKnownFileType = sourcecode.swift; path = CallState.swift; sourceTree = "<group>"; };
		207434411E9B30CC00C5EBCD /* SerialQueue.swift */ = {isa = PBXFileReference; fileEncoding = 4; lastKnownFileType = sourcecode.swift; path = SerialQueue.swift; sourceTree = "<group>"; };
		208C13501E88C10500B8DEF0 /* CallEventSequencer.swift */ = {isa = PBXFileReference; fileEncoding = 4; lastKnownFileType = sourcecode.swift; path = CallEventSequencer.swift; sourceTree = "<group>"; };
		209360371E89DA7300D6BC4A /* Logger.swift */ = {isa = PBXFileReference; fileEncoding = 4; lastKnownFileType = sourcecode.swift; path = Logger.swift; sourceTree = "<group>"; };
		3D15B70B1D3E176C003BB682 /* SparkSDKTests.xctest */ = {isa = PBXFileReference; explicitFileType = wrapper.cfbundle; includeInIndex = 0; path = SparkSDKTests.xctest; sourceTree = BUILT_PRODUCTS_DIR; };
		3D1E57901CEDA348006124B0 /* OAuthClient.swift */ = {isa = PBXFileReference; fileEncoding = 4; lastKnownFileType = sourcecode.swift; path = OAuthClient.swift; sourceTree = "<group>"; };
		3D1E57941CEDA351006124B0 /* NSDate+Extension.swift */ = {isa = PBXFileReference; fileEncoding = 4; lastKnownFileType = sourcecode.swift; path = "NSDate+Extension.swift"; sourceTree = "<group>"; };
		3D1E57951CEDA351006124B0 /* NSURL+Extension.swift */ = {isa = PBXFileReference; fileEncoding = 4; lastKnownFileType = sourcecode.swift; path = "NSURL+Extension.swift"; sourceTree = "<group>"; };
		3D1E57961CEDA351006124B0 /* String+Extension.swift */ = {isa = PBXFileReference; fileEncoding = 4; lastKnownFileType = sourcecode.swift; path = "String+Extension.swift"; sourceTree = "<group>"; };
		3D2DF7581CFEAB0A00002F36 /* UserDefaults.swift */ = {isa = PBXFileReference; fileEncoding = 4; lastKnownFileType = sourcecode.swift; path = UserDefaults.swift; sourceTree = "<group>"; };
		3D3499571CF3ED30004022C3 /* ExponentialBackOffCounter.swift */ = {isa = PBXFileReference; fileEncoding = 4; lastKnownFileType = sourcecode.swift; path = ExponentialBackOffCounter.swift; sourceTree = "<group>"; };
		3D66B1A91D24AD4A0016A072 /* Team.swift */ = {isa = PBXFileReference; fileEncoding = 4; lastKnownFileType = sourcecode.swift; name = Team.swift; path = Source/Team/Team.swift; sourceTree = "<group>"; };
		3D66B1AA1D24AD4A0016A072 /* TeamClient.swift */ = {isa = PBXFileReference; fileEncoding = 4; lastKnownFileType = sourcecode.swift; name = TeamClient.swift; path = Source/Team/TeamClient.swift; sourceTree = "<group>"; };
		3D66B1AB1D24AD4A0016A072 /* TeamClient+Sync.swift */ = {isa = PBXFileReference; fileEncoding = 4; lastKnownFileType = sourcecode.swift; name = "TeamClient+Sync.swift"; path = "Source/Team/TeamClient+Sync.swift"; sourceTree = "<group>"; };
		3D66B1AF1D24AD570016A072 /* TeamMembership.swift */ = {isa = PBXFileReference; fileEncoding = 4; lastKnownFileType = sourcecode.swift; name = TeamMembership.swift; path = Source/TeamMembership/TeamMembership.swift; sourceTree = "<group>"; };
		3D66B1B01D24AD570016A072 /* TeamMembershipClient.swift */ = {isa = PBXFileReference; fileEncoding = 4; lastKnownFileType = sourcecode.swift; name = TeamMembershipClient.swift; path = Source/TeamMembership/TeamMembershipClient.swift; sourceTree = "<group>"; };
		3D66B1B11D24AD570016A072 /* TeamMembershipClient+Sync.swift */ = {isa = PBXFileReference; fileEncoding = 4; lastKnownFileType = sourcecode.swift; name = "TeamMembershipClient+Sync.swift"; path = "Source/TeamMembership/TeamMembershipClient+Sync.swift"; sourceTree = "<group>"; };
		3D81E30D1D41BBAD0085970A /* SparkTestFixture.swift */ = {isa = PBXFileReference; fileEncoding = 4; lastKnownFileType = sourcecode.swift; name = SparkTestFixture.swift; path = Tests/SparkTestFixture.swift; sourceTree = SOURCE_ROOT; };
		3D8F9BFA1D1D048400A0277D /* EmailAddress.swift */ = {isa = PBXFileReference; fileEncoding = 4; lastKnownFileType = sourcecode.swift; path = EmailAddress.swift; sourceTree = "<group>"; };
		3DA099F11D3EF82500205DF6 /* Config.swift */ = {isa = PBXFileReference; fileEncoding = 4; lastKnownFileType = sourcecode.swift; name = Config.swift; path = Tests/Config.swift; sourceTree = SOURCE_ROOT; };
		3DA099F31D3EF82500205DF6 /* MembershipTests.swift */ = {isa = PBXFileReference; fileEncoding = 4; lastKnownFileType = sourcecode.swift; name = MembershipTests.swift; path = Tests/MembershipTests.swift; sourceTree = SOURCE_ROOT; };
		3DA099F41D3EF82500205DF6 /* MessageTests.swift */ = {isa = PBXFileReference; fileEncoding = 4; lastKnownFileType = sourcecode.swift; lineEnding = 0; name = MessageTests.swift; path = Tests/MessageTests.swift; sourceTree = SOURCE_ROOT; xcLanguageSpecificationIdentifier = xcode.lang.swift; };
		3DA099F51D3EF82500205DF6 /* PeopleTests.swift */ = {isa = PBXFileReference; fileEncoding = 4; lastKnownFileType = sourcecode.swift; name = PeopleTests.swift; path = Tests/PeopleTests.swift; sourceTree = SOURCE_ROOT; };
		3DA099F61D3EF82500205DF6 /* PhoneTests.swift */ = {isa = PBXFileReference; fileEncoding = 4; lastKnownFileType = sourcecode.swift; name = PhoneTests.swift; path = Tests/PhoneTests.swift; sourceTree = SOURCE_ROOT; };
		3DA099F71D3EF82500205DF6 /* RoomTests.swift */ = {isa = PBXFileReference; fileEncoding = 4; lastKnownFileType = sourcecode.swift; name = RoomTests.swift; path = Tests/RoomTests.swift; sourceTree = SOURCE_ROOT; };
		3DA099F81D3EF82500205DF6 /* SequenceTests.swift */ = {isa = PBXFileReference; fileEncoding = 4; lastKnownFileType = sourcecode.swift; name = SequenceTests.swift; path = Tests/SequenceTests.swift; sourceTree = SOURCE_ROOT; };
		3DA099F91D3EF82500205DF6 /* TeamMembershipTests.swift */ = {isa = PBXFileReference; fileEncoding = 4; lastKnownFileType = sourcecode.swift; name = TeamMembershipTests.swift; path = Tests/TeamMembershipTests.swift; sourceTree = SOURCE_ROOT; };
		3DA099FA1D3EF82500205DF6 /* TeamTests.swift */ = {isa = PBXFileReference; fileEncoding = 4; lastKnownFileType = sourcecode.swift; name = TeamTests.swift; path = Tests/TeamTests.swift; sourceTree = SOURCE_ROOT; };
		3DA099FC1D3EF82500205DF6 /* TestTeam.swift */ = {isa = PBXFileReference; fileEncoding = 4; lastKnownFileType = sourcecode.swift; name = TestTeam.swift; path = Tests/TestTeam.swift; sourceTree = SOURCE_ROOT; };
		3DA099FF1D3EF82500205DF6 /* WebhookTests.swift */ = {isa = PBXFileReference; fileEncoding = 4; lastKnownFileType = sourcecode.swift; name = WebhookTests.swift; path = Tests/WebhookTests.swift; sourceTree = SOURCE_ROOT; };
		3DA3D58A1CF4347A008E8372 /* RequestParameter.swift */ = {isa = PBXFileReference; fileEncoding = 4; lastKnownFileType = sourcecode.swift; path = RequestParameter.swift; sourceTree = "<group>"; };
		3DB6A8D61D35D7DB00077E56 /* DtmfQueue.swift */ = {isa = PBXFileReference; fileEncoding = 4; lastKnownFileType = sourcecode.swift; path = DtmfQueue.swift; sourceTree = "<group>"; };
		3DEEA4F01D11418800EB73F6 /* H264LicensePrompter.swift */ = {isa = PBXFileReference; fileEncoding = 4; lastKnownFileType = sourcecode.swift; path = H264LicensePrompter.swift; sourceTree = "<group>"; };
		3DEEA4F21D11419800EB73F6 /* UIAlertController+Extension.swift */ = {isa = PBXFileReference; fileEncoding = 4; lastKnownFileType = sourcecode.swift; path = "UIAlertController+Extension.swift"; sourceTree = "<group>"; };
		5A8B997E1DF1D43C003633E1 /* OAuthLauncher.swift */ = {isa = PBXFileReference; fileEncoding = 4; lastKnownFileType = sourcecode.swift; path = OAuthLauncher.swift; sourceTree = "<group>"; };
		5A8B99801DF222FB003633E1 /* OAuthUrlUtil.swift */ = {isa = PBXFileReference; fileEncoding = 4; lastKnownFileType = sourcecode.swift; path = OAuthUrlUtil.swift; sourceTree = "<group>"; };
		5A9350D81E00737900374B99 /* Clock.swift */ = {isa = PBXFileReference; fileEncoding = 4; lastKnownFileType = sourcecode.swift; path = Clock.swift; sourceTree = "<group>"; };
		5A9350DA1E00742D00374B99 /* MockClock.swift */ = {isa = PBXFileReference; fileEncoding = 4; lastKnownFileType = sourcecode.swift; name = MockClock.swift; path = Tests/MockClock.swift; sourceTree = SOURCE_ROOT; };
		5AC09EB21DE4D02C005F38BC /* AuthenticationStrategy.swift */ = {isa = PBXFileReference; fileEncoding = 4; lastKnownFileType = sourcecode.swift; path = AuthenticationStrategy.swift; sourceTree = "<group>"; };
		5AC09EB41DE61822005F38BC /* OAuthStrategy.swift */ = {isa = PBXFileReference; fileEncoding = 4; lastKnownFileType = sourcecode.swift; path = OAuthStrategy.swift; sourceTree = "<group>"; };
		5AC09EB61DE63C27005F38BC /* OAuthKeychainStorage.swift */ = {isa = PBXFileReference; fileEncoding = 4; lastKnownFileType = sourcecode.swift; path = OAuthKeychainStorage.swift; sourceTree = "<group>"; };
		5AC09EB81DE63C66005F38BC /* OAuthStorage.swift */ = {isa = PBXFileReference; fileEncoding = 4; lastKnownFileType = sourcecode.swift; path = OAuthStorage.swift; sourceTree = "<group>"; };
		5AC09EBA1DE63FD8005F38BC /* OAuthAuthenticationInfo.swift */ = {isa = PBXFileReference; fileEncoding = 4; lastKnownFileType = sourcecode.swift; path = OAuthAuthenticationInfo.swift; sourceTree = "<group>"; };
		5AFA0BD01DEE0AE400B6F6C9 /* OAuthStrategyTests.swift */ = {isa = PBXFileReference; fileEncoding = 4; lastKnownFileType = sourcecode.swift; name = OAuthStrategyTests.swift; path = Tests/OAuthStrategyTests.swift; sourceTree = SOURCE_ROOT; };
		5AFA0BD21DEE0B2F00B6F6C9 /* OAuthKeychainStorageTests.swift */ = {isa = PBXFileReference; fileEncoding = 4; lastKnownFileType = sourcecode.swift; name = OAuthKeychainStorageTests.swift; path = Tests/OAuthKeychainStorageTests.swift; sourceTree = SOURCE_ROOT; };
		5AFA0BD41DEE376A00B6F6C9 /* SimpleAuthStrategy.swift */ = {isa = PBXFileReference; fileEncoding = 4; lastKnownFileType = sourcecode.swift; path = SimpleAuthStrategy.swift; sourceTree = "<group>"; };
		5AFB6E881DF5C4DF0027E989 /* JWTAuthStrategyTests.swift */ = {isa = PBXFileReference; fileEncoding = 4; lastKnownFileType = sourcecode.swift; name = JWTAuthStrategyTests.swift; path = Tests/JWTAuthStrategyTests.swift; sourceTree = SOURCE_ROOT; };
		5AFB6E8A1DF5C5110027E989 /* JWTAccessTokenCreationResult.swift */ = {isa = PBXFileReference; fileEncoding = 4; lastKnownFileType = sourcecode.swift; path = JWTAccessTokenCreationResult.swift; sourceTree = "<group>"; };
		5AFB6E8B1DF5C5110027E989 /* JWTAuthClient.swift */ = {isa = PBXFileReference; fileEncoding = 4; lastKnownFileType = sourcecode.swift; path = JWTAuthClient.swift; sourceTree = "<group>"; };
		5AFB6E8C1DF5C5110027E989 /* JWTAuthenticationInfo.swift */ = {isa = PBXFileReference; fileEncoding = 4; lastKnownFileType = sourcecode.swift; path = JWTAuthenticationInfo.swift; sourceTree = "<group>"; };
		5AFB6E8D1DF5C5110027E989 /* JWTAuthKeychainStorage.swift */ = {isa = PBXFileReference; fileEncoding = 4; lastKnownFileType = sourcecode.swift; path = JWTAuthKeychainStorage.swift; sourceTree = "<group>"; };
		5AFB6E8E1DF5C5110027E989 /* JWTAuthStorage.swift */ = {isa = PBXFileReference; fileEncoding = 4; lastKnownFileType = sourcecode.swift; path = JWTAuthStorage.swift; sourceTree = "<group>"; };
		5AFB6E8F1DF5C5110027E989 /* JWTAuthStrategy.swift */ = {isa = PBXFileReference; fileEncoding = 4; lastKnownFileType = sourcecode.swift; path = JWTAuthStrategy.swift; sourceTree = "<group>"; };
		5AFB6E961DF5C5D50027E989 /* JWTAuthKeychainStorageTests.swift */ = {isa = PBXFileReference; fileEncoding = 4; lastKnownFileType = sourcecode.swift; name = JWTAuthKeychainStorageTests.swift; path = Tests/JWTAuthKeychainStorageTests.swift; sourceTree = SOURCE_ROOT; };
		5AFB6E981DF5C6500027E989 /* KeychainProtocol.swift */ = {isa = PBXFileReference; fileEncoding = 4; lastKnownFileType = sourcecode.swift; path = KeychainProtocol.swift; sourceTree = "<group>"; };
		5AFB6E9A1DF5C6E90027E989 /* MockKeychain.swift */ = {isa = PBXFileReference; fileEncoding = 4; lastKnownFileType = sourcecode.swift; name = MockKeychain.swift; path = Tests/MockKeychain.swift; sourceTree = SOURCE_ROOT; };
		5D024F001CFBC08400D2E358 /* InterfaceAddress.swift */ = {isa = PBXFileReference; fileEncoding = 4; lastKnownFileType = sourcecode.swift; path = InterfaceAddress.swift; sourceTree = "<group>"; };
		5D10539A1D066CF6004B30B7 /* MediaOption.swift */ = {isa = PBXFileReference; fileEncoding = 4; lastKnownFileType = sourcecode.swift; path = MediaOption.swift; sourceTree = "<group>"; };
		5D1A5D011CF6FB3A00313515 /* ReachabilityModel.swift */ = {isa = PBXFileReference; fileEncoding = 4; lastKnownFileType = sourcecode.swift; path = ReachabilityModel.swift; sourceTree = "<group>"; };
		5D1A5D081CF8130E00313515 /* ReachabilityTransportStatusModel.swift */ = {isa = PBXFileReference; fileEncoding = 4; lastKnownFileType = sourcecode.swift; path = ReachabilityTransportStatusModel.swift; sourceTree = "<group>"; };
		5D1A5D0A1CF821D000313515 /* MediaEngineReachabilityFeedback.swift */ = {isa = PBXFileReference; fileEncoding = 4; lastKnownFileType = sourcecode.swift; path = MediaEngineReachabilityFeedback.swift; sourceTree = "<group>"; };
		5D67C64D1CF04E6400758F6B /* SDKLogger.swift */ = {isa = PBXFileReference; fileEncoding = 4; lastKnownFileType = sourcecode.swift; path = SDKLogger.swift; sourceTree = "<group>"; };
		5D67C64E1CF04E6400758F6B /* LogManager.swift */ = {isa = PBXFileReference; fileEncoding = 4; lastKnownFileType = sourcecode.swift; path = LogManager.swift; sourceTree = "<group>"; };
		5D67C64F1CF04E6400758F6B /* MediaEngineCustomLogger.swift */ = {isa = PBXFileReference; fileEncoding = 4; lastKnownFileType = sourcecode.swift; path = MediaEngineCustomLogger.swift; sourceTree = "<group>"; };
		5D67C6501CF04E6400758F6B /* MemoryLogger.swift */ = {isa = PBXFileReference; fileEncoding = 4; lastKnownFileType = sourcecode.swift; path = MemoryLogger.swift; sourceTree = "<group>"; };
		5D67C6641CF4525C00758F6B /* MediaCluster.swift */ = {isa = PBXFileReference; fileEncoding = 4; lastKnownFileType = sourcecode.swift; path = MediaCluster.swift; sourceTree = "<group>"; };
		5D67C66E1CF68C0700758F6B /* MediaClusterClient.swift */ = {isa = PBXFileReference; fileEncoding = 4; lastKnownFileType = sourcecode.swift; path = MediaClusterClient.swift; sourceTree = "<group>"; };
		5D67C6701CF6AB1700758F6B /* ReachabilityService.swift */ = {isa = PBXFileReference; fileEncoding = 4; lastKnownFileType = sourcecode.swift; path = ReachabilityService.swift; sourceTree = "<group>"; };
		5D93AEB81D29E0C700196F6F /* TimestampFormatter.swift */ = {isa = PBXFileReference; fileEncoding = 4; lastKnownFileType = sourcecode.swift; path = TimestampFormatter.swift; sourceTree = "<group>"; };
		5D93AEBC1D2B3AB400196F6F /* MediaSessionWrapper.swift */ = {isa = PBXFileReference; fileEncoding = 4; lastKnownFileType = sourcecode.swift; path = MediaSessionWrapper.swift; sourceTree = "<group>"; };
		5D93AEBE1D2B590000196F6F /* MediaSessionObserver.swift */ = {isa = PBXFileReference; fileEncoding = 4; lastKnownFileType = sourcecode.swift; path = MediaSessionObserver.swift; sourceTree = "<group>"; };
		6080E1EF317F17286A8D40A5 /* Pods_SparkSDK.framework */ = {isa = PBXFileReference; explicitFileType = wrapper.framework; includeInIndex = 0; path = Pods_SparkSDK.framework; sourceTree = BUILT_PRODUCTS_DIR; };
		B900B6A41CE2DB3100DC83CB /* Wme.framework */ = {isa = PBXFileReference; lastKnownFileType = wrapper.framework; name = Wme.framework; path = MediaEngine/Wme.framework; sourceTree = "<group>"; };
		B91E75251CE2D6FF0080EAE0 /* SparkSDK.framework */ = {isa = PBXFileReference; explicitFileType = wrapper.framework; includeInIndex = 0; path = SparkSDK.framework; sourceTree = BUILT_PRODUCTS_DIR; };
		B91E75321CE2D7B70080EAE0 /* AccessTokenModel.swift */ = {isa = PBXFileReference; fileEncoding = 4; lastKnownFileType = sourcecode.swift; path = AccessTokenModel.swift; sourceTree = "<group>"; };
		B91E75351CE2D7B70080EAE0 /* OAuthViewController.swift */ = {isa = PBXFileReference; fileEncoding = 4; lastKnownFileType = sourcecode.swift; path = OAuthViewController.swift; sourceTree = "<group>"; };
		B91E75381CE2D7B70080EAE0 /* CommonTypes.swift */ = {isa = PBXFileReference; fileEncoding = 4; lastKnownFileType = sourcecode.swift; name = CommonTypes.swift; path = ../Http/CommonTypes.swift; sourceTree = "<group>"; };
		B91E75391CE2D7B70080EAE0 /* SparkError.swift */ = {isa = PBXFileReference; fileEncoding = 4; lastKnownFileType = sourcecode.swift; path = SparkError.swift; sourceTree = "<group>"; };
		B91E753B1CE2D7B70080EAE0 /* Result.swift */ = {isa = PBXFileReference; fileEncoding = 4; lastKnownFileType = sourcecode.swift; path = Result.swift; sourceTree = "<group>"; };
		B91E753C1CE2D7B70080EAE0 /* ServiceRequest.swift */ = {isa = PBXFileReference; fileEncoding = 4; lastKnownFileType = sourcecode.swift; path = ServiceRequest.swift; sourceTree = "<group>"; };
		B91E753D1CE2D7B70080EAE0 /* ServiceResponse.swift */ = {isa = PBXFileReference; fileEncoding = 4; lastKnownFileType = sourcecode.swift; path = ServiceResponse.swift; sourceTree = "<group>"; };
		B91E753E1CE2D7B70080EAE0 /* SyncUtil.swift */ = {isa = PBXFileReference; fileEncoding = 4; lastKnownFileType = sourcecode.swift; path = SyncUtil.swift; sourceTree = "<group>"; };
		B91E753F1CE2D7B70080EAE0 /* UserAgent.swift */ = {isa = PBXFileReference; fileEncoding = 4; lastKnownFileType = sourcecode.swift; path = UserAgent.swift; sourceTree = "<group>"; };
		B91E75411CE2D7B70080EAE0 /* MediaEngineWrapper.swift */ = {isa = PBXFileReference; fileEncoding = 4; lastKnownFileType = sourcecode.swift; path = MediaEngineWrapper.swift; sourceTree = "<group>"; };
		B91E75421CE2D7B70080EAE0 /* MediaEngineObserver.swift */ = {isa = PBXFileReference; fileEncoding = 4; lastKnownFileType = sourcecode.swift; path = MediaEngineObserver.swift; sourceTree = "<group>"; };
		B91E75441CE2D7B70080EAE0 /* Membership.swift */ = {isa = PBXFileReference; fileEncoding = 4; lastKnownFileType = sourcecode.swift; path = Membership.swift; sourceTree = "<group>"; };
		B91E75451CE2D7B70080EAE0 /* MembershipClient+Sync.swift */ = {isa = PBXFileReference; fileEncoding = 4; lastKnownFileType = sourcecode.swift; path = "MembershipClient+Sync.swift"; sourceTree = "<group>"; };
		B91E75461CE2D7B70080EAE0 /* MembershipClient.swift */ = {isa = PBXFileReference; fileEncoding = 4; lastKnownFileType = sourcecode.swift; path = MembershipClient.swift; sourceTree = "<group>"; };
		B91E75481CE2D7B70080EAE0 /* Message.swift */ = {isa = PBXFileReference; fileEncoding = 4; lastKnownFileType = sourcecode.swift; path = Message.swift; sourceTree = "<group>"; };
		B91E75491CE2D7B70080EAE0 /* MessageClient+Sync.swift */ = {isa = PBXFileReference; fileEncoding = 4; lastKnownFileType = sourcecode.swift; lineEnding = 0; path = "MessageClient+Sync.swift"; sourceTree = "<group>"; xcLanguageSpecificationIdentifier = xcode.lang.swift; };
		B91E754A1CE2D7B70080EAE0 /* MessageClient.swift */ = {isa = PBXFileReference; fileEncoding = 4; lastKnownFileType = sourcecode.swift; lineEnding = 0; path = MessageClient.swift; sourceTree = "<group>"; xcLanguageSpecificationIdentifier = xcode.lang.swift; };
		B91E754C1CE2D7B70080EAE0 /* Metric+Names.swift */ = {isa = PBXFileReference; fileEncoding = 4; lastKnownFileType = sourcecode.swift; path = "Metric+Names.swift"; sourceTree = "<group>"; };
		B91E754D1CE2D7B70080EAE0 /* Metric.swift */ = {isa = PBXFileReference; fileEncoding = 4; lastKnownFileType = sourcecode.swift; path = Metric.swift; sourceTree = "<group>"; };
		B91E754E1CE2D7B70080EAE0 /* MetricsBuffer.swift */ = {isa = PBXFileReference; fileEncoding = 4; lastKnownFileType = sourcecode.swift; path = MetricsBuffer.swift; sourceTree = "<group>"; };
		B91E754F1CE2D7B70080EAE0 /* MetricsClient.swift */ = {isa = PBXFileReference; fileEncoding = 4; lastKnownFileType = sourcecode.swift; path = MetricsClient.swift; sourceTree = "<group>"; };
		B91E75501CE2D7B70080EAE0 /* MetricsEngine.swift */ = {isa = PBXFileReference; fileEncoding = 4; lastKnownFileType = sourcecode.swift; path = MetricsEngine.swift; sourceTree = "<group>"; };
		B91E75531CE2D7B70080EAE0 /* Person.swift */ = {isa = PBXFileReference; fileEncoding = 4; lastKnownFileType = sourcecode.swift; path = Person.swift; sourceTree = "<group>"; };
		B91E75541CE2D7B70080EAE0 /* PersonClient+Sync.swift */ = {isa = PBXFileReference; fileEncoding = 4; lastKnownFileType = sourcecode.swift; path = "PersonClient+Sync.swift"; sourceTree = "<group>"; };
		B91E75551CE2D7B70080EAE0 /* PersonClient.swift */ = {isa = PBXFileReference; fileEncoding = 4; lastKnownFileType = sourcecode.swift; path = PersonClient.swift; sourceTree = "<group>"; };
		B91E75581CE2D7B70080EAE0 /* Call.swift */ = {isa = PBXFileReference; fileEncoding = 4; lastKnownFileType = sourcecode.swift; path = Call.swift; sourceTree = "<group>"; };
		B91E75591CE2D7B70080EAE0 /* CallClient.swift */ = {isa = PBXFileReference; fileEncoding = 4; lastKnownFileType = sourcecode.swift; path = CallClient.swift; sourceTree = "<group>"; };
		B91E755C1CE2D7B70080EAE0 /* CallMetrics.swift */ = {isa = PBXFileReference; fileEncoding = 4; lastKnownFileType = sourcecode.swift; path = CallMetrics.swift; sourceTree = "<group>"; };
		B91E756D1CE2D7B70080EAE0 /* DeviceModel.swift */ = {isa = PBXFileReference; fileEncoding = 4; lastKnownFileType = sourcecode.swift; path = DeviceModel.swift; sourceTree = "<group>"; };
		B91E756E1CE2D7B70080EAE0 /* DeviceClient.swift */ = {isa = PBXFileReference; fileEncoding = 4; lastKnownFileType = sourcecode.swift; path = DeviceClient.swift; sourceTree = "<group>"; };
		B91E756F1CE2D7B70080EAE0 /* DeviceService.swift */ = {isa = PBXFileReference; fileEncoding = 4; lastKnownFileType = sourcecode.swift; path = DeviceService.swift; sourceTree = "<group>"; };
		B91E75741CE2D7B70080EAE0 /* CallModel.swift */ = {isa = PBXFileReference; fileEncoding = 4; lastKnownFileType = sourcecode.swift; path = CallModel.swift; sourceTree = "<group>"; };
		B91E75761CE2D7B70080EAE0 /* MediaConnectionModel.swift */ = {isa = PBXFileReference; fileEncoding = 4; lastKnownFileType = sourcecode.swift; path = MediaConnectionModel.swift; sourceTree = "<group>"; };
		B91E75781CE2D7B70080EAE0 /* ParticipantModel.swift */ = {isa = PBXFileReference; fileEncoding = 4; lastKnownFileType = sourcecode.swift; path = ParticipantModel.swift; sourceTree = "<group>"; };
		B91E757D1CE2D7B70080EAE0 /* SequenceModel.swift */ = {isa = PBXFileReference; fileEncoding = 4; lastKnownFileType = sourcecode.swift; path = SequenceModel.swift; sourceTree = "<group>"; };
		B91E757E1CE2D7B70080EAE0 /* Phone.swift */ = {isa = PBXFileReference; fileEncoding = 4; lastKnownFileType = sourcecode.swift; path = Phone.swift; sourceTree = "<group>"; };
		B91E757F1CE2D7B70080EAE0 /* WebSocketService.swift */ = {isa = PBXFileReference; fileEncoding = 4; lastKnownFileType = sourcecode.swift; path = WebSocketService.swift; sourceTree = "<group>"; };
		B91E75811CE2D7B70080EAE0 /* Room.swift */ = {isa = PBXFileReference; fileEncoding = 4; lastKnownFileType = sourcecode.swift; path = Room.swift; sourceTree = "<group>"; };
		B91E75821CE2D7B70080EAE0 /* RoomClient+Sync.swift */ = {isa = PBXFileReference; fileEncoding = 4; lastKnownFileType = sourcecode.swift; path = "RoomClient+Sync.swift"; sourceTree = "<group>"; };
		B91E75831CE2D7B70080EAE0 /* RoomClient.swift */ = {isa = PBXFileReference; fileEncoding = 4; lastKnownFileType = sourcecode.swift; path = RoomClient.swift; sourceTree = "<group>"; };
		B91E75841CE2D7B70080EAE0 /* Spark.swift */ = {isa = PBXFileReference; fileEncoding = 4; lastKnownFileType = sourcecode.swift; path = Spark.swift; sourceTree = "<group>"; };
		B91E758B1CE2D7B70080EAE0 /* Array+Extension.swift */ = {isa = PBXFileReference; fileEncoding = 4; lastKnownFileType = sourcecode.swift; path = "Array+Extension.swift"; sourceTree = "<group>"; };
		B91E758C1CE2D7B70080EAE0 /* Dictionary+Extension.swift */ = {isa = PBXFileReference; fileEncoding = 4; lastKnownFileType = sourcecode.swift; path = "Dictionary+Extension.swift"; sourceTree = "<group>"; };
		B91E758D1CE2D7B70080EAE0 /* NotificationObserver.swift */ = {isa = PBXFileReference; fileEncoding = 4; lastKnownFileType = sourcecode.swift; path = NotificationObserver.swift; sourceTree = "<group>"; };
		B91E758F1CE2D7B70080EAE0 /* SparkSDK-Bridging-Header.h */ = {isa = PBXFileReference; fileEncoding = 4; lastKnownFileType = sourcecode.c.h; path = "SparkSDK-Bridging-Header.h"; sourceTree = "<group>"; };
		B91E75921CE2D7B70080EAE0 /* Webhook.swift */ = {isa = PBXFileReference; fileEncoding = 4; lastKnownFileType = sourcecode.swift; path = Webhook.swift; sourceTree = "<group>"; };
		B91E75931CE2D7B70080EAE0 /* WebHookClient+Sync.swift */ = {isa = PBXFileReference; fileEncoding = 4; lastKnownFileType = sourcecode.swift; path = "WebHookClient+Sync.swift"; sourceTree = "<group>"; };
		B91E75941CE2D7B70080EAE0 /* WebhookClient.swift */ = {isa = PBXFileReference; fileEncoding = 4; lastKnownFileType = sourcecode.swift; path = WebhookClient.swift; sourceTree = "<group>"; };
		C1494F760D625D66FFBF3F18 /* Pods-SparkSDK.debug.xcconfig */ = {isa = PBXFileReference; includeInIndex = 1; lastKnownFileType = text.xcconfig; name = "Pods-SparkSDK.debug.xcconfig"; path = "Pods/Target Support Files/Pods-SparkSDK/Pods-SparkSDK.debug.xcconfig"; sourceTree = "<group>"; };
		E4B21F8CB140328CB6F4F57A /* Pods-SparkSDK.releasetest.xcconfig */ = {isa = PBXFileReference; includeInIndex = 1; lastKnownFileType = text.xcconfig; name = "Pods-SparkSDK.releasetest.xcconfig"; path = "Pods/Target Support Files/Pods-SparkSDK/Pods-SparkSDK.releasetest.xcconfig"; sourceTree = "<group>"; };
		EBB58B0ACEB459267C9C4938 /* Pods-SparkSDK.release.xcconfig */ = {isa = PBXFileReference; includeInIndex = 1; lastKnownFileType = text.xcconfig; name = "Pods-SparkSDK.release.xcconfig"; path = "Pods/Target Support Files/Pods-SparkSDK/Pods-SparkSDK.release.xcconfig"; sourceTree = "<group>"; };
		EF24E1A7E273A02785039D56 /* Pods-SparkSDKTests.release.xcconfig */ = {isa = PBXFileReference; includeInIndex = 1; lastKnownFileType = text.xcconfig; name = "Pods-SparkSDKTests.release.xcconfig"; path = "Pods/Target Support Files/Pods-SparkSDKTests/Pods-SparkSDKTests.release.xcconfig"; sourceTree = "<group>"; };
/* End PBXFileReference section */

/* Begin PBXFrameworksBuildPhase section */
		3D15B7081D3E176C003BB682 /* Frameworks */ = {
			isa = PBXFrameworksBuildPhase;
			buildActionMask = 2147483647;
			files = (
				3D9E1A261D3EF4AC007E570C /* Wme.framework in Frameworks */,
				3D15B7101D3E176C003BB682 /* SparkSDK.framework in Frameworks */,
				4A985AE5CCD64A08A1EAA48A /* Pods_SparkSDKTests.framework in Frameworks */,
			);
			runOnlyForDeploymentPostprocessing = 0;
		};
		B91E75211CE2D6FF0080EAE0 /* Frameworks */ = {
			isa = PBXFrameworksBuildPhase;
			buildActionMask = 2147483647;
			files = (
				B900B6A51CE2DB3100DC83CB /* Wme.framework in Frameworks */,
				8F76AFC66858F3A389132CA8 /* Pods_SparkSDK.framework in Frameworks */,
			);
			runOnlyForDeploymentPostprocessing = 0;
		};
/* End PBXFrameworksBuildPhase section */

/* Begin PBXGroup section */
		20E5E3BD68BFD3198EE748AE /* Pods */ = {
			isa = PBXGroup;
			children = (
				C1494F760D625D66FFBF3F18 /* Pods-SparkSDK.debug.xcconfig */,
				EBB58B0ACEB459267C9C4938 /* Pods-SparkSDK.release.xcconfig */,
				15D66403F3F4E4F8A79206C0 /* Pods-SparkSDKTests.debug.xcconfig */,
				EF24E1A7E273A02785039D56 /* Pods-SparkSDKTests.release.xcconfig */,
				E4B21F8CB140328CB6F4F57A /* Pods-SparkSDK.releasetest.xcconfig */,
				03465B4B839D301A66862F33 /* Pods-SparkSDKTests.releasetest.xcconfig */,
			);
			name = Pods;
			sourceTree = "<group>";
		};
		3D15B70C1D3E176C003BB682 /* Tests */ = {
			isa = PBXGroup;
			children = (
				3DA099F11D3EF82500205DF6 /* Config.swift */,
				5AFB6E961DF5C5D50027E989 /* JWTAuthKeychainStorageTests.swift */,
				5AFB6E881DF5C4DF0027E989 /* JWTAuthStrategyTests.swift */,
				3DA099F31D3EF82500205DF6 /* MembershipTests.swift */,
				3DA099F41D3EF82500205DF6 /* MessageTests.swift */,
				5A9350DA1E00742D00374B99 /* MockClock.swift */,
				5AFB6E9A1DF5C6E90027E989 /* MockKeychain.swift */,
				5AFA0BD21DEE0B2F00B6F6C9 /* OAuthKeychainStorageTests.swift */,
				5AFA0BD01DEE0AE400B6F6C9 /* OAuthStrategyTests.swift */,
				3DA099F51D3EF82500205DF6 /* PeopleTests.swift */,
				3DA099F61D3EF82500205DF6 /* PhoneTests.swift */,
				3DA099F71D3EF82500205DF6 /* RoomTests.swift */,
				3DA099F81D3EF82500205DF6 /* SequenceTests.swift */,
				3DA099F91D3EF82500205DF6 /* TeamMembershipTests.swift */,
				3DA099FA1D3EF82500205DF6 /* TeamTests.swift */,
				3DA099FC1D3EF82500205DF6 /* TestTeam.swift */,
				3D81E30D1D41BBAD0085970A /* SparkTestFixture.swift */,
				3DA099FF1D3EF82500205DF6 /* WebhookTests.swift */,
			);
			name = Tests;
			path = SparkSDKTests;
			sourceTree = "<group>";
		};
		3D66B1A71D24ACF60016A072 /* Team */ = {
			isa = PBXGroup;
			children = (
				3D66B1A91D24AD4A0016A072 /* Team.swift */,
				3D66B1AA1D24AD4A0016A072 /* TeamClient.swift */,
				3D66B1AB1D24AD4A0016A072 /* TeamClient+Sync.swift */,
			);
			name = Team;
			path = ..;
			sourceTree = "<group>";
		};
		3D66B1A81D24ACFF0016A072 /* TeamMembership */ = {
			isa = PBXGroup;
			children = (
				3D66B1AF1D24AD570016A072 /* TeamMembership.swift */,
				3D66B1B01D24AD570016A072 /* TeamMembershipClient.swift */,
				3D66B1B11D24AD570016A072 /* TeamMembershipClient+Sync.swift */,
			);
			name = TeamMembership;
			path = ..;
			sourceTree = "<group>";
		};
		5D67C64C1CF04E6400758F6B /* Logger */ = {
			isa = PBXGroup;
			children = (
				5D67C64D1CF04E6400758F6B /* SDKLogger.swift */,
				5D67C64E1CF04E6400758F6B /* LogManager.swift */,
				5D67C64F1CF04E6400758F6B /* MediaEngineCustomLogger.swift */,
				5D67C6501CF04E6400758F6B /* MemoryLogger.swift */,
				209360371E89DA7300D6BC4A /* Logger.swift */,
			);
			path = Logger;
			sourceTree = "<group>";
		};
		5D67C6631CF4525C00758F6B /* Reachability */ = {
			isa = PBXGroup;
			children = (
				5D67C6641CF4525C00758F6B /* MediaCluster.swift */,
				5D67C66E1CF68C0700758F6B /* MediaClusterClient.swift */,
				5D1A5D0A1CF821D000313515 /* MediaEngineReachabilityFeedback.swift */,
				5D1A5D011CF6FB3A00313515 /* ReachabilityModel.swift */,
				5D67C6701CF6AB1700758F6B /* ReachabilityService.swift */,
				5D1A5D081CF8130E00313515 /* ReachabilityTransportStatusModel.swift */,
			);
			path = Reachability;
			sourceTree = "<group>";
		};
		8838B91D70254D46671B19F1 /* Frameworks */ = {
			isa = PBXGroup;
			children = (
				B900B6A41CE2DB3100DC83CB /* Wme.framework */,
				6080E1EF317F17286A8D40A5 /* Pods_SparkSDK.framework */,
				04C39C57C69FBCA5500482A1 /* Pods_SparkSDKTests.framework */,
			);
			name = Frameworks;
			sourceTree = "<group>";
		};
		B91E751B1CE2D6FF0080EAE0 = {
			isa = PBXGroup;
			children = (
				B91E75301CE2D7B70080EAE0 /* Source */,
				3D15B70C1D3E176C003BB682 /* Tests */,
				B91E75261CE2D6FF0080EAE0 /* Products */,
				20E5E3BD68BFD3198EE748AE /* Pods */,
				8838B91D70254D46671B19F1 /* Frameworks */,
			);
			sourceTree = "<group>";
		};
		B91E75261CE2D6FF0080EAE0 /* Products */ = {
			isa = PBXGroup;
			children = (
				B91E75251CE2D6FF0080EAE0 /* SparkSDK.framework */,
				3D15B70B1D3E176C003BB682 /* SparkSDKTests.xctest */,
			);
			name = Products;
			sourceTree = "<group>";
		};
		B91E75301CE2D7B70080EAE0 /* Source */ = {
			isa = PBXGroup;
			children = (
				B91E75841CE2D7B70080EAE0 /* Spark.swift */,
				B91E75311CE2D7B70080EAE0 /* Auth */,
				B91E75371CE2D7B70080EAE0 /* Http */,
				5D67C64C1CF04E6400758F6B /* Logger */,
				B91E75401CE2D7B70080EAE0 /* Media */,
				B91E75431CE2D7B70080EAE0 /* Membership */,
				B91E75471CE2D7B70080EAE0 /* Message */,
				B91E754B1CE2D7B70080EAE0 /* Metrics */,
				B91E75521CE2D7B70080EAE0 /* Person */,
				B91E75561CE2D7B70080EAE0 /* Phone */,
				B91E75801CE2D7B70080EAE0 /* Room */,
				B91E75891CE2D7B70080EAE0 /* Utils */,
				B91E75911CE2D7B70080EAE0 /* Webhook */,
				3D66B1A71D24ACF60016A072 /* Team */,
				3D66B1A81D24ACFF0016A072 /* TeamMembership */,
			);
			path = Source;
			sourceTree = "<group>";
		};
		B91E75311CE2D7B70080EAE0 /* Auth */ = {
			isa = PBXGroup;
			children = (
				B91E75321CE2D7B70080EAE0 /* AccessTokenModel.swift */,
				5AC09EB21DE4D02C005F38BC /* AuthenticationStrategy.swift */,
				5AFB6E8A1DF5C5110027E989 /* JWTAccessTokenCreationResult.swift */,
				5AFB6E8B1DF5C5110027E989 /* JWTAuthClient.swift */,
				5AFB6E8C1DF5C5110027E989 /* JWTAuthenticationInfo.swift */,
				5AFB6E8D1DF5C5110027E989 /* JWTAuthKeychainStorage.swift */,
				5AFB6E8E1DF5C5110027E989 /* JWTAuthStorage.swift */,
				5AFB6E8F1DF5C5110027E989 /* JWTAuthStrategy.swift */,
				5AC09EBA1DE63FD8005F38BC /* OAuthAuthenticationInfo.swift */,
				3D1E57901CEDA348006124B0 /* OAuthClient.swift */,
				5AC09EB61DE63C27005F38BC /* OAuthKeychainStorage.swift */,
				5A8B997E1DF1D43C003633E1 /* OAuthLauncher.swift */,
				5AC09EB81DE63C66005F38BC /* OAuthStorage.swift */,
				5AC09EB41DE61822005F38BC /* OAuthStrategy.swift */,
				5A8B99801DF222FB003633E1 /* OAuthUrlUtil.swift */,
				B91E75351CE2D7B70080EAE0 /* OAuthViewController.swift */,
				5AFA0BD41DEE376A00B6F6C9 /* SimpleAuthStrategy.swift */,
				5AFB6E981DF5C6500027E989 /* KeychainProtocol.swift */,
			);
			path = Auth;
			sourceTree = "<group>";
		};
		B91E75371CE2D7B70080EAE0 /* Http */ = {
			isa = PBXGroup;
			children = (
				3DA3D58A1CF4347A008E8372 /* RequestParameter.swift */,
				B91E75391CE2D7B70080EAE0 /* SparkError.swift */,
				B91E753B1CE2D7B70080EAE0 /* Result.swift */,
				B91E753C1CE2D7B70080EAE0 /* ServiceRequest.swift */,
				B91E753D1CE2D7B70080EAE0 /* ServiceResponse.swift */,
				B91E753E1CE2D7B70080EAE0 /* SyncUtil.swift */,
				B91E753F1CE2D7B70080EAE0 /* UserAgent.swift */,
			);
			path = Http;
			sourceTree = "<group>";
		};
		B91E75401CE2D7B70080EAE0 /* Media */ = {
			isa = PBXGroup;
			children = (
				B91E75421CE2D7B70080EAE0 /* MediaEngineObserver.swift */,
				B91E75411CE2D7B70080EAE0 /* MediaEngineWrapper.swift */,
				5D93AEBE1D2B590000196F6F /* MediaSessionObserver.swift */,
				5D93AEBC1D2B3AB400196F6F /* MediaSessionWrapper.swift */,
			);
			path = Media;
			sourceTree = "<group>";
		};
		B91E75431CE2D7B70080EAE0 /* Membership */ = {
			isa = PBXGroup;
			children = (
				B91E75441CE2D7B70080EAE0 /* Membership.swift */,
				B91E75451CE2D7B70080EAE0 /* MembershipClient+Sync.swift */,
				B91E75461CE2D7B70080EAE0 /* MembershipClient.swift */,
			);
			path = Membership;
			sourceTree = "<group>";
		};
		B91E75471CE2D7B70080EAE0 /* Message */ = {
			isa = PBXGroup;
			children = (
				B91E75481CE2D7B70080EAE0 /* Message.swift */,
				B91E75491CE2D7B70080EAE0 /* MessageClient+Sync.swift */,
				B91E754A1CE2D7B70080EAE0 /* MessageClient.swift */,
			);
			path = Message;
			sourceTree = "<group>";
		};
		B91E754B1CE2D7B70080EAE0 /* Metrics */ = {
			isa = PBXGroup;
			children = (
				B91E754C1CE2D7B70080EAE0 /* Metric+Names.swift */,
				B91E754D1CE2D7B70080EAE0 /* Metric.swift */,
				B91E754E1CE2D7B70080EAE0 /* MetricsBuffer.swift */,
				B91E754F1CE2D7B70080EAE0 /* MetricsClient.swift */,
				B91E75501CE2D7B70080EAE0 /* MetricsEngine.swift */,
			);
			path = Metrics;
			sourceTree = "<group>";
		};
		B91E75521CE2D7B70080EAE0 /* Person */ = {
			isa = PBXGroup;
			children = (
				B91E75531CE2D7B70080EAE0 /* Person.swift */,
				B91E75541CE2D7B70080EAE0 /* PersonClient+Sync.swift */,
				B91E75551CE2D7B70080EAE0 /* PersonClient.swift */,
			);
			path = Person;
			sourceTree = "<group>";
		};
		B91E75561CE2D7B70080EAE0 /* Phone */ = {
			isa = PBXGroup;
			children = (
				B91E75571CE2D7B70080EAE0 /* Call */,
				B91E756C1CE2D7B70080EAE0 /* Device */,
				B91E75701CE2D7B70080EAE0 /* ObjectMap */,
				5D67C6631CF4525C00758F6B /* Reachability */,
				B91E757E1CE2D7B70080EAE0 /* Phone.swift */,
				B91E757F1CE2D7B70080EAE0 /* WebSocketService.swift */,
			);
			path = Phone;
			sourceTree = "<group>";
		};
		B91E75571CE2D7B70080EAE0 /* Call */ = {
			isa = PBXGroup;
			children = (
				3DB6A8D61D35D7DB00077E56 /* DtmfQueue.swift */,
				B91E75581CE2D7B70080EAE0 /* Call.swift */,
				2074343D1E98B7A200C5EBCD /* CallState.swift */,
				B91E75591CE2D7B70080EAE0 /* CallClient.swift */,
				B91E755C1CE2D7B70080EAE0 /* CallMetrics.swift */,
				5D10539A1D066CF6004B30B7 /* MediaOption.swift */,
				3DEEA4F01D11418800EB73F6 /* H264LicensePrompter.swift */,
				204583F31E83C03500EEB3FC /* CallMembership.swift */,
				208C13501E88C10500B8DEF0 /* CallEventSequencer.swift */,
			);
			path = Call;
			sourceTree = "<group>";
		};
		B91E756C1CE2D7B70080EAE0 /* Device */ = {
			isa = PBXGroup;
			children = (
				B91E756D1CE2D7B70080EAE0 /* DeviceModel.swift */,
				B91E756E1CE2D7B70080EAE0 /* DeviceClient.swift */,
				B91E756F1CE2D7B70080EAE0 /* DeviceService.swift */,
			);
			path = Device;
			sourceTree = "<group>";
		};
		B91E75701CE2D7B70080EAE0 /* ObjectMap */ = {
			isa = PBXGroup;
			children = (
				B91E75741CE2D7B70080EAE0 /* CallModel.swift */,
				B91E75761CE2D7B70080EAE0 /* MediaConnectionModel.swift */,
				B91E75781CE2D7B70080EAE0 /* ParticipantModel.swift */,
				B91E757D1CE2D7B70080EAE0 /* SequenceModel.swift */,
			);
			path = ObjectMap;
			sourceTree = "<group>";
		};
		B91E75801CE2D7B70080EAE0 /* Room */ = {
			isa = PBXGroup;
			children = (
				B91E75811CE2D7B70080EAE0 /* Room.swift */,
				B91E75821CE2D7B70080EAE0 /* RoomClient+Sync.swift */,
				B91E75831CE2D7B70080EAE0 /* RoomClient.swift */,
			);
			path = Room;
			sourceTree = "<group>";
		};
		B91E75891CE2D7B70080EAE0 /* Utils */ = {
			isa = PBXGroup;
			children = (
				5A9350D81E00737900374B99 /* Clock.swift */,
				B91E75381CE2D7B70080EAE0 /* CommonTypes.swift */,
				B91E758B1CE2D7B70080EAE0 /* Array+Extension.swift */,
				B91E758C1CE2D7B70080EAE0 /* Dictionary+Extension.swift */,
				3D3499571CF3ED30004022C3 /* ExponentialBackOffCounter.swift */,
				5D024F001CFBC08400D2E358 /* InterfaceAddress.swift */,
				B91E758D1CE2D7B70080EAE0 /* NotificationObserver.swift */,
				3D1E57941CEDA351006124B0 /* NSDate+Extension.swift */,
				3D1E57951CEDA351006124B0 /* NSURL+Extension.swift */,
				B91E758F1CE2D7B70080EAE0 /* SparkSDK-Bridging-Header.h */,
				3D1E57961CEDA351006124B0 /* String+Extension.swift */,
				3D8F9BFA1D1D048400A0277D /* EmailAddress.swift */,
				5D93AEB81D29E0C700196F6F /* TimestampFormatter.swift */,
				3DEEA4F21D11419800EB73F6 /* UIAlertController+Extension.swift */,
				3D2DF7581CFEAB0A00002F36 /* UserDefaults.swift */,
				207434411E9B30CC00C5EBCD /* SerialQueue.swift */,
			);
			path = Utils;
			sourceTree = "<group>";
		};
		B91E75911CE2D7B70080EAE0 /* Webhook */ = {
			isa = PBXGroup;
			children = (
				B91E75921CE2D7B70080EAE0 /* Webhook.swift */,
				B91E75931CE2D7B70080EAE0 /* WebHookClient+Sync.swift */,
				B91E75941CE2D7B70080EAE0 /* WebhookClient.swift */,
			);
			path = Webhook;
			sourceTree = "<group>";
		};
/* End PBXGroup section */

/* Begin PBXHeadersBuildPhase section */
		B91E75221CE2D6FF0080EAE0 /* Headers */ = {
			isa = PBXHeadersBuildPhase;
			buildActionMask = 2147483647;
			files = (
				B91E75E41CE2D7B70080EAE0 /* SparkSDK-Bridging-Header.h in Headers */,
			);
			runOnlyForDeploymentPostprocessing = 0;
		};
/* End PBXHeadersBuildPhase section */

/* Begin PBXNativeTarget section */
		3D15B70A1D3E176C003BB682 /* SparkSDKTests */ = {
			isa = PBXNativeTarget;
			buildConfigurationList = 3D15B7151D3E176C003BB682 /* Build configuration list for PBXNativeTarget "SparkSDKTests" */;
			buildPhases = (
				0E6529EA775956DE9D984C24 /* [CP] Check Pods Manifest.lock */,
				3D15B7071D3E176C003BB682 /* Sources */,
				3D15B7081D3E176C003BB682 /* Frameworks */,
				3D15B7091D3E176C003BB682 /* Resources */,
				D0535B5A7F83833998D6F04D /* [CP] Embed Pods Frameworks */,
				8724ACA0DDEFC147B4AF9C21 /* [CP] Copy Pods Resources */,
				3D2D51061D3E2168005FC665 /* CopyFiles */,
			);
			buildRules = (
			);
			dependencies = (
				3D15B7121D3E176C003BB682 /* PBXTargetDependency */,
			);
			name = SparkSDKTests;
			productName = SparkSDKTests;
			productReference = 3D15B70B1D3E176C003BB682 /* SparkSDKTests.xctest */;
			productType = "com.apple.product-type.bundle.unit-test";
		};
		B91E75241CE2D6FF0080EAE0 /* SparkSDK */ = {
			isa = PBXNativeTarget;
			buildConfigurationList = B91E752D1CE2D6FF0080EAE0 /* Build configuration list for PBXNativeTarget "SparkSDK" */;
			buildPhases = (
				085E4AB464E936E73ACE59E9 /* [CP] Check Pods Manifest.lock */,
				B91E75201CE2D6FF0080EAE0 /* Sources */,
				B91E75211CE2D6FF0080EAE0 /* Frameworks */,
				B91E75221CE2D6FF0080EAE0 /* Headers */,
				B91E75231CE2D6FF0080EAE0 /* Resources */,
				2B2A32C79D9D980F993492E1 /* [CP] Copy Pods Resources */,
			);
			buildRules = (
			);
			dependencies = (
			);
			name = SparkSDK;
			productName = SparkSDK;
			productReference = B91E75251CE2D6FF0080EAE0 /* SparkSDK.framework */;
			productType = "com.apple.product-type.framework";
		};
/* End PBXNativeTarget section */

/* Begin PBXProject section */
		B91E751C1CE2D6FF0080EAE0 /* Project object */ = {
			isa = PBXProject;
			attributes = {
				LastSwiftUpdateCheck = 0730;
				LastUpgradeCheck = 0820;
				ORGANIZATIONNAME = Cisco;
				TargetAttributes = {
					3D15B70A1D3E176C003BB682 = {
						CreatedOnToolsVersion = 7.3;
						LastSwiftMigration = 0800;
					};
					B91E75241CE2D6FF0080EAE0 = {
						CreatedOnToolsVersion = 7.3;
						LastSwiftMigration = 0800;
					};
				};
			};
			buildConfigurationList = B91E751F1CE2D6FF0080EAE0 /* Build configuration list for PBXProject "SparkSDK" */;
			compatibilityVersion = "Xcode 3.2";
			developmentRegion = English;
			hasScannedForEncodings = 0;
			knownRegions = (
				en,
			);
			mainGroup = B91E751B1CE2D6FF0080EAE0;
			productRefGroup = B91E75261CE2D6FF0080EAE0 /* Products */;
			projectDirPath = "";
			projectRoot = "";
			targets = (
				B91E75241CE2D6FF0080EAE0 /* SparkSDK */,
				3D15B70A1D3E176C003BB682 /* SparkSDKTests */,
			);
		};
/* End PBXProject section */

/* Begin PBXResourcesBuildPhase section */
		3D15B7091D3E176C003BB682 /* Resources */ = {
			isa = PBXResourcesBuildPhase;
			buildActionMask = 2147483647;
			files = (
			);
			runOnlyForDeploymentPostprocessing = 0;
		};
		B91E75231CE2D6FF0080EAE0 /* Resources */ = {
			isa = PBXResourcesBuildPhase;
			buildActionMask = 2147483647;
			files = (
			);
			runOnlyForDeploymentPostprocessing = 0;
		};
/* End PBXResourcesBuildPhase section */

/* Begin PBXShellScriptBuildPhase section */
		085E4AB464E936E73ACE59E9 /* [CP] Check Pods Manifest.lock */ = {
			isa = PBXShellScriptBuildPhase;
			buildActionMask = 2147483647;
			files = (
			);
			inputPaths = (
			);
			name = "[CP] Check Pods Manifest.lock";
			outputPaths = (
			);
			runOnlyForDeploymentPostprocessing = 0;
			shellPath = /bin/sh;
			shellScript = "diff \"${PODS_ROOT}/../Podfile.lock\" \"${PODS_ROOT}/Manifest.lock\" > /dev/null\nif [ $? != 0 ] ; then\n    # print error to STDERR\n    echo \"error: The sandbox is not in sync with the Podfile.lock. Run 'pod install' or update your CocoaPods installation.\" >&2\n    exit 1\nfi\n";
			showEnvVarsInLog = 0;
		};
		0E6529EA775956DE9D984C24 /* [CP] Check Pods Manifest.lock */ = {
			isa = PBXShellScriptBuildPhase;
			buildActionMask = 2147483647;
			files = (
			);
			inputPaths = (
			);
			name = "[CP] Check Pods Manifest.lock";
			outputPaths = (
			);
			runOnlyForDeploymentPostprocessing = 0;
			shellPath = /bin/sh;
			shellScript = "diff \"${PODS_ROOT}/../Podfile.lock\" \"${PODS_ROOT}/Manifest.lock\" > /dev/null\nif [ $? != 0 ] ; then\n    # print error to STDERR\n    echo \"error: The sandbox is not in sync with the Podfile.lock. Run 'pod install' or update your CocoaPods installation.\" >&2\n    exit 1\nfi\n";
			showEnvVarsInLog = 0;
		};
		2B2A32C79D9D980F993492E1 /* [CP] Copy Pods Resources */ = {
			isa = PBXShellScriptBuildPhase;
			buildActionMask = 2147483647;
			files = (
			);
			inputPaths = (
			);
			name = "[CP] Copy Pods Resources";
			outputPaths = (
			);
			runOnlyForDeploymentPostprocessing = 0;
			shellPath = /bin/sh;
			shellScript = "\"${SRCROOT}/Pods/Target Support Files/Pods-SparkSDK/Pods-SparkSDK-resources.sh\"\n";
			showEnvVarsInLog = 0;
		};
		8724ACA0DDEFC147B4AF9C21 /* [CP] Copy Pods Resources */ = {
			isa = PBXShellScriptBuildPhase;
			buildActionMask = 2147483647;
			files = (
			);
			inputPaths = (
			);
			name = "[CP] Copy Pods Resources";
			outputPaths = (
			);
			runOnlyForDeploymentPostprocessing = 0;
			shellPath = /bin/sh;
			shellScript = "\"${SRCROOT}/Pods/Target Support Files/Pods-SparkSDKTests/Pods-SparkSDKTests-resources.sh\"\n";
			showEnvVarsInLog = 0;
		};
		D0535B5A7F83833998D6F04D /* [CP] Embed Pods Frameworks */ = {
			isa = PBXShellScriptBuildPhase;
			buildActionMask = 2147483647;
			files = (
			);
			inputPaths = (
			);
			name = "[CP] Embed Pods Frameworks";
			outputPaths = (
			);
			runOnlyForDeploymentPostprocessing = 0;
			shellPath = /bin/sh;
			shellScript = "\"${SRCROOT}/Pods/Target Support Files/Pods-SparkSDKTests/Pods-SparkSDKTests-frameworks.sh\"\n";
			showEnvVarsInLog = 0;
		};
/* End PBXShellScriptBuildPhase section */

/* Begin PBXSourcesBuildPhase section */
		3D15B7071D3E176C003BB682 /* Sources */ = {
			isa = PBXSourcesBuildPhase;
			buildActionMask = 2147483647;
			files = (
				3D31B78D1D41B7F500D8DB55 /* TeamTests.swift in Sources */,
				3D31B7881D41B7F500D8DB55 /* PeopleTests.swift in Sources */,
				3D3131431D3EF932007717B2 /* Config.swift in Sources */,
				3D31B78F1D41B7F500D8DB55 /* WebhookTests.swift in Sources */,
				3D31B7911D41B7F500D8DB55 /* TestTeam.swift in Sources */,
				3D31B78B1D41B7F500D8DB55 /* SequenceTests.swift in Sources */,
				5AFB6E9D1DF5C7770027E989 /* JWTAuthStrategyTests.swift in Sources */,
				5A9350DB1E00742D00374B99 /* MockClock.swift in Sources */,
				3D31B78A1D41B7F500D8DB55 /* RoomTests.swift in Sources */,
				3D31B7871D41B7F500D8DB55 /* MessageTests.swift in Sources */,
				5AFA0BD11DEE0AE400B6F6C9 /* OAuthStrategyTests.swift in Sources */,
				3D81E30E1D41BBAD0085970A /* SparkTestFixture.swift in Sources */,
				3D31B7861D41B7F500D8DB55 /* MembershipTests.swift in Sources */,
				5AFB6E9B1DF5C6E90027E989 /* MockKeychain.swift in Sources */,
				3D31B78C1D41B7F500D8DB55 /* TeamMembershipTests.swift in Sources */,
				3D31B7891D41B7F500D8DB55 /* PhoneTests.swift in Sources */,
				5AFA0BD31DEE0B2F00B6F6C9 /* OAuthKeychainStorageTests.swift in Sources */,
				5AFB6E9C1DF5C7720027E989 /* JWTAuthKeychainStorageTests.swift in Sources */,
			);
			runOnlyForDeploymentPostprocessing = 0;
		};
		B91E75201CE2D6FF0080EAE0 /* Sources */ = {
			isa = PBXSourcesBuildPhase;
			buildActionMask = 2147483647;
			files = (
				3DB6A8D71D35D7DB00077E56 /* DtmfQueue.swift in Sources */,
				5D67C6521CF04E6400758F6B /* LogManager.swift in Sources */,
				B91E75A01CE2D7B70080EAE0 /* SyncUtil.swift in Sources */,
				B91E75E71CE2D7B70080EAE0 /* WebHookClient+Sync.swift in Sources */,
				B91E759D1CE2D7B70080EAE0 /* Result.swift in Sources */,
				B91E75CE1CE2D7B70080EAE0 /* MediaConnectionModel.swift in Sources */,
				5D67C66F1CF68C0700758F6B /* MediaClusterClient.swift in Sources */,
				3D1E57971CEDA351006124B0 /* NSDate+Extension.swift in Sources */,
				207434421E9B30CC00C5EBCD /* SerialQueue.swift in Sources */,
				3D66B1AD1D24AD4A0016A072 /* TeamClient.swift in Sources */,
				B91E75B31CE2D7B70080EAE0 /* Call.swift in Sources */,
				3D66B1AC1D24AD4A0016A072 /* Team.swift in Sources */,
				5AFB6E931DF5C5110027E989 /* JWTAuthKeychainStorage.swift in Sources */,
				5D67C6531CF04E6400758F6B /* MediaEngineCustomLogger.swift in Sources */,
				B91E75A51CE2D7B70080EAE0 /* MembershipClient+Sync.swift in Sources */,
				5D1A5D091CF8130E00313515 /* ReachabilityTransportStatusModel.swift in Sources */,
				B91E75E01CE2D7B70080EAE0 /* Array+Extension.swift in Sources */,
				B91E75D61CE2D7B70080EAE0 /* Phone.swift in Sources */,
				5A8B99811DF222FB003633E1 /* OAuthUrlUtil.swift in Sources */,
				B91E75AE1CE2D7B70080EAE0 /* MetricsEngine.swift in Sources */,
				B91E75B41CE2D7B70080EAE0 /* CallClient.swift in Sources */,
				B91E75A81CE2D7B70080EAE0 /* MessageClient+Sync.swift in Sources */,
				5D93AEB91D29E0C700196F6F /* TimestampFormatter.swift in Sources */,
				208C13511E88C10500B8DEF0 /* CallEventSequencer.swift in Sources */,
				5D93AEBD1D2B3AB400196F6F /* MediaSessionWrapper.swift in Sources */,
				5AC09EB51DE61822005F38BC /* OAuthStrategy.swift in Sources */,
				B91E75981CE2D7B70080EAE0 /* OAuthViewController.swift in Sources */,
				B91E75E81CE2D7B70080EAE0 /* WebhookClient.swift in Sources */,
				2074343E1E98B7A200C5EBCD /* CallState.swift in Sources */,
				B91E75951CE2D7B70080EAE0 /* AccessTokenModel.swift in Sources */,
				5D93AEBF1D2B590000196F6F /* MediaSessionObserver.swift in Sources */,
				B91E75AA1CE2D7B70080EAE0 /* Metric+Names.swift in Sources */,
				209360381E89DA7300D6BC4A /* Logger.swift in Sources */,
				B91E75CC1CE2D7B70080EAE0 /* CallModel.swift in Sources */,
				B91E75AC1CE2D7B70080EAE0 /* MetricsBuffer.swift in Sources */,
				B91E75AD1CE2D7B70080EAE0 /* MetricsClient.swift in Sources */,
				B91E75E21CE2D7B70080EAE0 /* NotificationObserver.swift in Sources */,
				5AFB6E921DF5C5110027E989 /* JWTAuthenticationInfo.swift in Sources */,
				B91E75A91CE2D7B70080EAE0 /* MessageClient.swift in Sources */,
				3D66B1AE1D24AD4A0016A072 /* TeamClient+Sync.swift in Sources */,
				B91E75A61CE2D7B70080EAE0 /* MembershipClient.swift in Sources */,
				3D2DF7591CFEAB0A00002F36 /* UserDefaults.swift in Sources */,
				B91E75B71CE2D7B70080EAE0 /* CallMetrics.swift in Sources */,
				5AC09EB91DE63C66005F38BC /* OAuthStorage.swift in Sources */,
				5D10539B1D066CF6004B30B7 /* MediaOption.swift in Sources */,
				5AC09EB31DE4D02C005F38BC /* AuthenticationStrategy.swift in Sources */,
				B91E75C81CE2D7B70080EAE0 /* DeviceService.swift in Sources */,
				3DEEA4F31D11419800EB73F6 /* UIAlertController+Extension.swift in Sources */,
				5AFB6E911DF5C5110027E989 /* JWTAuthClient.swift in Sources */,
				3D3499581CF3ED30004022C3 /* ExponentialBackOffCounter.swift in Sources */,
				B91E75B11CE2D7B70080EAE0 /* PersonClient+Sync.swift in Sources */,
				5AC09EBB1DE63FD8005F38BC /* OAuthAuthenticationInfo.swift in Sources */,
				204583F41E83C03500EEB3FC /* CallMembership.swift in Sources */,
				3D8F9BFB1D1D048400A0277D /* EmailAddress.swift in Sources */,
				5D67C6711CF6AB1700758F6B /* ReachabilityService.swift in Sources */,
				3D1E57981CEDA351006124B0 /* NSURL+Extension.swift in Sources */,
				5D024F011CFBC08400D2E358 /* InterfaceAddress.swift in Sources */,
				B91E75A71CE2D7B70080EAE0 /* Message.swift in Sources */,
				B91E75AB1CE2D7B70080EAE0 /* Metric.swift in Sources */,
				3D1E57991CEDA351006124B0 /* String+Extension.swift in Sources */,
				B91E759E1CE2D7B70080EAE0 /* ServiceRequest.swift in Sources */,
				B91E75B01CE2D7B70080EAE0 /* Person.swift in Sources */,
				5D67C6541CF04E6400758F6B /* MemoryLogger.swift in Sources */,
				5AFB6E951DF5C5110027E989 /* JWTAuthStrategy.swift in Sources */,
				3D1E57931CEDA348006124B0 /* OAuthClient.swift in Sources */,
				B91E75A41CE2D7B70080EAE0 /* Membership.swift in Sources */,
				B91E759A1CE2D7B70080EAE0 /* CommonTypes.swift in Sources */,
				B91E75D71CE2D7B70080EAE0 /* WebSocketService.swift in Sources */,
				B91E75B21CE2D7B70080EAE0 /* PersonClient.swift in Sources */,
				B91E75A11CE2D7B70080EAE0 /* UserAgent.swift in Sources */,
				B91E75A21CE2D7B70080EAE0 /* MediaEngineWrapper.swift in Sources */,
				5AFA0BD51DEE376A00B6F6C9 /* SimpleAuthStrategy.swift in Sources */,
				5D67C6511CF04E6400758F6B /* SDKLogger.swift in Sources */,
				B91E75A31CE2D7B70080EAE0 /* MediaEngineObserver.swift in Sources */,
				3DEEA4F11D11418800EB73F6 /* H264LicensePrompter.swift in Sources */,
				B91E75D01CE2D7B70080EAE0 /* ParticipantModel.swift in Sources */,
				5AFB6E941DF5C5110027E989 /* JWTAuthStorage.swift in Sources */,
				B91E75C71CE2D7B70080EAE0 /* DeviceClient.swift in Sources */,
				B91E759B1CE2D7B70080EAE0 /* SparkError.swift in Sources */,
				B91E75D81CE2D7B70080EAE0 /* Room.swift in Sources */,
				5D1A5D031CF6FB3A00313515 /* ReachabilityModel.swift in Sources */,
				5AFB6E901DF5C5110027E989 /* JWTAccessTokenCreationResult.swift in Sources */,
				5AFB6E991DF5C6500027E989 /* KeychainProtocol.swift in Sources */,
				5AC09EB71DE63C27005F38BC /* OAuthKeychainStorage.swift in Sources */,
				B91E75D91CE2D7B70080EAE0 /* RoomClient+Sync.swift in Sources */,
				B91E75DB1CE2D7B70080EAE0 /* Spark.swift in Sources */,
				B91E75DA1CE2D7B70080EAE0 /* RoomClient.swift in Sources */,
				5D67C6661CF4525C00758F6B /* MediaCluster.swift in Sources */,
				3D66B1B21D24AD570016A072 /* TeamMembership.swift in Sources */,
				B91E759F1CE2D7B70080EAE0 /* ServiceResponse.swift in Sources */,
				5A8B997F1DF1D43C003633E1 /* OAuthLauncher.swift in Sources */,
				B91E75D51CE2D7B70080EAE0 /* SequenceModel.swift in Sources */,
				3DA3D58B1CF4347A008E8372 /* RequestParameter.swift in Sources */,
				B91E75E11CE2D7B70080EAE0 /* Dictionary+Extension.swift in Sources */,
				5D1A5D0B1CF821D000313515 /* MediaEngineReachabilityFeedback.swift in Sources */,
				3D66B1B41D24AD570016A072 /* TeamMembershipClient+Sync.swift in Sources */,
				5A9350D91E00737900374B99 /* Clock.swift in Sources */,
				B91E75E61CE2D7B70080EAE0 /* Webhook.swift in Sources */,
				B91E75C61CE2D7B70080EAE0 /* DeviceModel.swift in Sources */,
				3D66B1B31D24AD570016A072 /* TeamMembershipClient.swift in Sources */,
			);
			runOnlyForDeploymentPostprocessing = 0;
		};
/* End PBXSourcesBuildPhase section */

/* Begin PBXTargetDependency section */
		3D15B7121D3E176C003BB682 /* PBXTargetDependency */ = {
			isa = PBXTargetDependency;
			target = B91E75241CE2D6FF0080EAE0 /* SparkSDK */;
			targetProxy = 3D15B7111D3E176C003BB682 /* PBXContainerItemProxy */;
		};
/* End PBXTargetDependency section */

/* Begin XCBuildConfiguration section */
		3D15B7131D3E176C003BB682 /* Debug */ = {
			isa = XCBuildConfiguration;
			baseConfigurationReference = 15D66403F3F4E4F8A79206C0 /* Pods-SparkSDKTests.debug.xcconfig */;
			buildSettings = {
				ALWAYS_EMBED_SWIFT_STANDARD_LIBRARIES = YES;
				FRAMEWORK_SEARCH_PATHS = (
					"$(inherited)",
					"$(PROJECT_DIR)/MediaEngine",
				);
				INFOPLIST_FILE = Tests/Info.plist;
				LD_RUNPATH_SEARCH_PATHS = "$(inherited) @executable_path/Frameworks @loader_path/Frameworks";
				PRODUCT_BUNDLE_IDENTIFIER = cisco.SparkSDKTests;
				PRODUCT_NAME = "$(TARGET_NAME)";
			};
			name = Debug;
		};
		3D15B7141D3E176C003BB682 /* Release */ = {
			isa = XCBuildConfiguration;
			baseConfigurationReference = EF24E1A7E273A02785039D56 /* Pods-SparkSDKTests.release.xcconfig */;
			buildSettings = {
				ALWAYS_EMBED_SWIFT_STANDARD_LIBRARIES = YES;
				FRAMEWORK_SEARCH_PATHS = (
					"$(inherited)",
					"$(PROJECT_DIR)/MediaEngine",
				);
				INFOPLIST_FILE = Tests/Info.plist;
				LD_RUNPATH_SEARCH_PATHS = "$(inherited) @executable_path/Frameworks @loader_path/Frameworks";
				PRODUCT_BUNDLE_IDENTIFIER = cisco.SparkSDKTests;
				PRODUCT_NAME = "$(TARGET_NAME)";
			};
			name = Release;
		};
		3D3131541D3F0420007717B2 /* ReleaseTest */ = {
			isa = XCBuildConfiguration;
			buildSettings = {
				ALWAYS_SEARCH_USER_PATHS = NO;
				CLANG_ANALYZER_NONNULL = YES;
				CLANG_CXX_LANGUAGE_STANDARD = "gnu++0x";
				CLANG_CXX_LIBRARY = "libc++";
				CLANG_ENABLE_MODULES = YES;
				CLANG_ENABLE_OBJC_ARC = YES;
				CLANG_WARN_BOOL_CONVERSION = YES;
				CLANG_WARN_CONSTANT_CONVERSION = YES;
				CLANG_WARN_DIRECT_OBJC_ISA_USAGE = YES_ERROR;
				CLANG_WARN_EMPTY_BODY = YES;
				CLANG_WARN_ENUM_CONVERSION = YES;
				CLANG_WARN_INFINITE_RECURSION = YES;
				CLANG_WARN_INT_CONVERSION = YES;
				CLANG_WARN_OBJC_ROOT_CLASS = YES_ERROR;
				CLANG_WARN_SUSPICIOUS_MOVE = YES;
				CLANG_WARN_UNREACHABLE_CODE = YES;
				CLANG_WARN__DUPLICATE_METHOD_MATCH = YES;
				"CODE_SIGN_IDENTITY[sdk=iphoneos*]" = "iPhone Developer";
				COPY_PHASE_STRIP = NO;
				CURRENT_PROJECT_VERSION = 1;
				DEBUG_INFORMATION_FORMAT = "dwarf-with-dsym";
				ENABLE_NS_ASSERTIONS = NO;
				ENABLE_STRICT_OBJC_MSGSEND = YES;
				GCC_C_LANGUAGE_STANDARD = gnu99;
				GCC_NO_COMMON_BLOCKS = YES;
				GCC_WARN_64_TO_32_BIT_CONVERSION = YES;
				GCC_WARN_ABOUT_RETURN_TYPE = YES_ERROR;
				GCC_WARN_UNDECLARED_SELECTOR = YES;
				GCC_WARN_UNINITIALIZED_AUTOS = YES_AGGRESSIVE;
				GCC_WARN_UNUSED_FUNCTION = YES;
				GCC_WARN_UNUSED_VARIABLE = YES;
				IPHONEOS_DEPLOYMENT_TARGET = 9.0;
				MTL_ENABLE_DEBUG_INFO = NO;
				SDKROOT = iphoneos;
				SWIFT_OPTIMIZATION_LEVEL = "-Owholemodule";
				SWIFT_VERSION = 3.0;
				TARGETED_DEVICE_FAMILY = "1,2";
				VALIDATE_PRODUCT = YES;
				VERSIONING_SYSTEM = "apple-generic";
				VERSION_INFO_PREFIX = "";
			};
			name = ReleaseTest;
		};
		3D3131551D3F0420007717B2 /* ReleaseTest */ = {
			isa = XCBuildConfiguration;
			baseConfigurationReference = E4B21F8CB140328CB6F4F57A /* Pods-SparkSDK.releasetest.xcconfig */;
			buildSettings = {
				"CODE_SIGN_IDENTITY[sdk=iphoneos*]" = "";
				DEFINES_MODULE = YES;
				DYLIB_COMPATIBILITY_VERSION = 1;
				DYLIB_CURRENT_VERSION = 1;
				DYLIB_INSTALL_NAME_BASE = "@rpath";
				ENABLE_BITCODE = NO;
				ENABLE_TESTABILITY = YES;
				FRAMEWORK_SEARCH_PATHS = (
					"$(inherited)",
					"$(PROJECT_DIR)/MediaEngine",
				);
				INFOPLIST_FILE = $PROJECT_DIR/Source/Info.plist;
				INSTALL_PATH = "$(LOCAL_LIBRARY_DIR)/Frameworks";
				IPHONEOS_DEPLOYMENT_TARGET = 9.0;
				LD_RUNPATH_SEARCH_PATHS = "$(inherited) @executable_path/Frameworks @loader_path/Frameworks";
				PRODUCT_BUNDLE_IDENTIFIER = Cisco.SparkSDK;
				PRODUCT_NAME = "$(TARGET_NAME)";
				SKIP_INSTALL = YES;
				SWIFT_OBJC_BRIDGING_HEADER = "$PROJECT_DIR/Source/Utils/SparkSDK-Bridging-Header.h";
			};
			name = ReleaseTest;
		};
		3D3131561D3F0420007717B2 /* ReleaseTest */ = {
			isa = XCBuildConfiguration;
			baseConfigurationReference = 03465B4B839D301A66862F33 /* Pods-SparkSDKTests.releasetest.xcconfig */;
			buildSettings = {
				ALWAYS_EMBED_SWIFT_STANDARD_LIBRARIES = YES;
				FRAMEWORK_SEARCH_PATHS = (
					"$(inherited)",
					"$(PROJECT_DIR)/MediaEngine",
				);
				INFOPLIST_FILE = Tests/Info.plist;
				LD_RUNPATH_SEARCH_PATHS = "$(inherited) @executable_path/Frameworks @loader_path/Frameworks";
				PRODUCT_BUNDLE_IDENTIFIER = cisco.SparkSDKTests;
				PRODUCT_NAME = "$(TARGET_NAME)";
			};
			name = ReleaseTest;
		};
		B91E752B1CE2D6FF0080EAE0 /* Debug */ = {
			isa = XCBuildConfiguration;
			buildSettings = {
				ALWAYS_SEARCH_USER_PATHS = NO;
				CLANG_ANALYZER_NONNULL = YES;
				CLANG_CXX_LANGUAGE_STANDARD = "gnu++0x";
				CLANG_CXX_LIBRARY = "libc++";
				CLANG_ENABLE_MODULES = YES;
				CLANG_ENABLE_OBJC_ARC = YES;
				CLANG_WARN_BOOL_CONVERSION = YES;
				CLANG_WARN_CONSTANT_CONVERSION = YES;
				CLANG_WARN_DIRECT_OBJC_ISA_USAGE = YES_ERROR;
				CLANG_WARN_EMPTY_BODY = YES;
				CLANG_WARN_ENUM_CONVERSION = YES;
				CLANG_WARN_INFINITE_RECURSION = YES;
				CLANG_WARN_INT_CONVERSION = YES;
				CLANG_WARN_OBJC_ROOT_CLASS = YES_ERROR;
				CLANG_WARN_SUSPICIOUS_MOVE = YES;
				CLANG_WARN_UNREACHABLE_CODE = YES;
				CLANG_WARN__DUPLICATE_METHOD_MATCH = YES;
				"CODE_SIGN_IDENTITY[sdk=iphoneos*]" = "iPhone Developer";
				COPY_PHASE_STRIP = NO;
				CURRENT_PROJECT_VERSION = 1;
				DEBUG_INFORMATION_FORMAT = dwarf;
				ENABLE_STRICT_OBJC_MSGSEND = YES;
				ENABLE_TESTABILITY = YES;
				GCC_C_LANGUAGE_STANDARD = gnu99;
				GCC_DYNAMIC_NO_PIC = NO;
				GCC_NO_COMMON_BLOCKS = YES;
				GCC_OPTIMIZATION_LEVEL = 0;
				GCC_PREPROCESSOR_DEFINITIONS = (
					"DEBUG=1",
					"$(inherited)",
				);
				GCC_WARN_64_TO_32_BIT_CONVERSION = YES;
				GCC_WARN_ABOUT_RETURN_TYPE = YES_ERROR;
				GCC_WARN_UNDECLARED_SELECTOR = YES;
				GCC_WARN_UNINITIALIZED_AUTOS = YES_AGGRESSIVE;
				GCC_WARN_UNUSED_FUNCTION = YES;
				GCC_WARN_UNUSED_VARIABLE = YES;
				IPHONEOS_DEPLOYMENT_TARGET = 9.0;
				MTL_ENABLE_DEBUG_INFO = YES;
				ONLY_ACTIVE_ARCH = YES;
				SDKROOT = iphoneos;
				SWIFT_OPTIMIZATION_LEVEL = "-Onone";
				SWIFT_VERSION = 3.0;
				TARGETED_DEVICE_FAMILY = "1,2";
				VERSIONING_SYSTEM = "apple-generic";
				VERSION_INFO_PREFIX = "";
			};
			name = Debug;
		};
		B91E752C1CE2D6FF0080EAE0 /* Release */ = {
			isa = XCBuildConfiguration;
			buildSettings = {
				ALWAYS_SEARCH_USER_PATHS = NO;
				CLANG_ANALYZER_NONNULL = YES;
				CLANG_CXX_LANGUAGE_STANDARD = "gnu++0x";
				CLANG_CXX_LIBRARY = "libc++";
				CLANG_ENABLE_MODULES = YES;
				CLANG_ENABLE_OBJC_ARC = YES;
				CLANG_WARN_BOOL_CONVERSION = YES;
				CLANG_WARN_CONSTANT_CONVERSION = YES;
				CLANG_WARN_DIRECT_OBJC_ISA_USAGE = YES_ERROR;
				CLANG_WARN_EMPTY_BODY = YES;
				CLANG_WARN_ENUM_CONVERSION = YES;
				CLANG_WARN_INFINITE_RECURSION = YES;
				CLANG_WARN_INT_CONVERSION = YES;
				CLANG_WARN_OBJC_ROOT_CLASS = YES_ERROR;
				CLANG_WARN_SUSPICIOUS_MOVE = YES;
				CLANG_WARN_UNREACHABLE_CODE = YES;
				CLANG_WARN__DUPLICATE_METHOD_MATCH = YES;
				"CODE_SIGN_IDENTITY[sdk=iphoneos*]" = "iPhone Developer";
				COPY_PHASE_STRIP = NO;
				CURRENT_PROJECT_VERSION = 1;
				DEBUG_INFORMATION_FORMAT = "dwarf-with-dsym";
				ENABLE_NS_ASSERTIONS = NO;
				ENABLE_STRICT_OBJC_MSGSEND = YES;
				GCC_C_LANGUAGE_STANDARD = gnu99;
				GCC_NO_COMMON_BLOCKS = YES;
				GCC_WARN_64_TO_32_BIT_CONVERSION = YES;
				GCC_WARN_ABOUT_RETURN_TYPE = YES_ERROR;
				GCC_WARN_UNDECLARED_SELECTOR = YES;
				GCC_WARN_UNINITIALIZED_AUTOS = YES_AGGRESSIVE;
				GCC_WARN_UNUSED_FUNCTION = YES;
				GCC_WARN_UNUSED_VARIABLE = YES;
				IPHONEOS_DEPLOYMENT_TARGET = 9.0;
				MTL_ENABLE_DEBUG_INFO = NO;
				SDKROOT = iphoneos;
				SWIFT_OPTIMIZATION_LEVEL = "-Owholemodule";
				SWIFT_VERSION = 3.0;
				TARGETED_DEVICE_FAMILY = "1,2";
				VALIDATE_PRODUCT = YES;
				VERSIONING_SYSTEM = "apple-generic";
				VERSION_INFO_PREFIX = "";
			};
			name = Release;
		};
		B91E752E1CE2D6FF0080EAE0 /* Debug */ = {
			isa = XCBuildConfiguration;
			baseConfigurationReference = C1494F760D625D66FFBF3F18 /* Pods-SparkSDK.debug.xcconfig */;
			buildSettings = {
				"CODE_SIGN_IDENTITY[sdk=iphoneos*]" = "";
				DEFINES_MODULE = YES;
				DYLIB_COMPATIBILITY_VERSION = 1;
				DYLIB_CURRENT_VERSION = 1;
				DYLIB_INSTALL_NAME_BASE = "@rpath";
				ENABLE_BITCODE = NO;
				FRAMEWORK_SEARCH_PATHS = (
					"$(inherited)",
					"$(PROJECT_DIR)/MediaEngine",
				);
				INFOPLIST_FILE = $PROJECT_DIR/Source/Info.plist;
				INSTALL_PATH = "$(LOCAL_LIBRARY_DIR)/Frameworks";
				IPHONEOS_DEPLOYMENT_TARGET = 9.0;
				LD_RUNPATH_SEARCH_PATHS = "$(inherited) @executable_path/Frameworks @loader_path/Frameworks";
				PRODUCT_BUNDLE_IDENTIFIER = Cisco.SparkSDK;
				PRODUCT_NAME = "$(TARGET_NAME)";
				SKIP_INSTALL = YES;
				SWIFT_OBJC_BRIDGING_HEADER = "$PROJECT_DIR/Source/Utils/SparkSDK-Bridging-Header.h";
			};
			name = Debug;
		};
		B91E752F1CE2D6FF0080EAE0 /* Release */ = {
			isa = XCBuildConfiguration;
			baseConfigurationReference = EBB58B0ACEB459267C9C4938 /* Pods-SparkSDK.release.xcconfig */;
			buildSettings = {
				"CODE_SIGN_IDENTITY[sdk=iphoneos*]" = "";
				DEFINES_MODULE = YES;
				DYLIB_COMPATIBILITY_VERSION = 1;
				DYLIB_CURRENT_VERSION = 1;
				DYLIB_INSTALL_NAME_BASE = "@rpath";
				ENABLE_BITCODE = NO;
				FRAMEWORK_SEARCH_PATHS = (
					"$(inherited)",
					"$(PROJECT_DIR)/MediaEngine",
				);
				INFOPLIST_FILE = $PROJECT_DIR/Source/Info.plist;
				INSTALL_PATH = "$(LOCAL_LIBRARY_DIR)/Frameworks";
				IPHONEOS_DEPLOYMENT_TARGET = 9.0;
				LD_RUNPATH_SEARCH_PATHS = "$(inherited) @executable_path/Frameworks @loader_path/Frameworks";
				PRODUCT_BUNDLE_IDENTIFIER = Cisco.SparkSDK;
				PRODUCT_NAME = "$(TARGET_NAME)";
				SKIP_INSTALL = YES;
				SWIFT_OBJC_BRIDGING_HEADER = "$PROJECT_DIR/Source/Utils/SparkSDK-Bridging-Header.h";
			};
			name = Release;
		};
/* End XCBuildConfiguration section */

/* Begin XCConfigurationList section */
		3D15B7151D3E176C003BB682 /* Build configuration list for PBXNativeTarget "SparkSDKTests" */ = {
			isa = XCConfigurationList;
			buildConfigurations = (
				3D15B7131D3E176C003BB682 /* Debug */,
				3D15B7141D3E176C003BB682 /* Release */,
				3D3131561D3F0420007717B2 /* ReleaseTest */,
			);
			defaultConfigurationIsVisible = 0;
			defaultConfigurationName = Release;
		};
		B91E751F1CE2D6FF0080EAE0 /* Build configuration list for PBXProject "SparkSDK" */ = {
			isa = XCConfigurationList;
			buildConfigurations = (
				B91E752B1CE2D6FF0080EAE0 /* Debug */,
				B91E752C1CE2D6FF0080EAE0 /* Release */,
				3D3131541D3F0420007717B2 /* ReleaseTest */,
			);
			defaultConfigurationIsVisible = 0;
			defaultConfigurationName = Release;
		};
		B91E752D1CE2D6FF0080EAE0 /* Build configuration list for PBXNativeTarget "SparkSDK" */ = {
			isa = XCConfigurationList;
			buildConfigurations = (
				B91E752E1CE2D6FF0080EAE0 /* Debug */,
				B91E752F1CE2D6FF0080EAE0 /* Release */,
				3D3131551D3F0420007717B2 /* ReleaseTest */,
			);
			defaultConfigurationIsVisible = 0;
			defaultConfigurationName = Release;
		};
/* End XCConfigurationList section */
	};
	rootObject = B91E751C1CE2D6FF0080EAE0 /* Project object */;
}
