// !$*UTF8*$!
{
	archiveVersion = 1;
	classes = {
	};
	objectVersion = 46;
	objects = {

/* Begin PBXBuildFile section */
		5DBC17AA1CE30D7000DFF1C8 /* CallStateDisconnected.swift in Sources */ = {isa = PBXBuildFile; fileRef = 5DBC17A91CE30D7000DFF1C8 /* CallStateDisconnected.swift */; };
		5DBC17AE1CE3542700DFF1C8 /* Notifications+Locus.swift in Sources */ = {isa = PBXBuildFile; fileRef = 5DBC17AD1CE3542700DFF1C8 /* Notifications+Locus.swift */; };
		61D11B6DCA017A4EB01081B9 /* Pods.framework in Frameworks */ = {isa = PBXBuildFile; fileRef = EC736E40C6FA750F68A7C7D4 /* Pods.framework */; };
		B900B6A51CE2DB3100DC83CB /* Wme.framework in Frameworks */ = {isa = PBXBuildFile; fileRef = B900B6A41CE2DB3100DC83CB /* Wme.framework */; };
		B91E75951CE2D7B70080EAE0 /* AccessToken.swift in Sources */ = {isa = PBXBuildFile; fileRef = B91E75321CE2D7B70080EAE0 /* AccessToken.swift */; };
		B91E75961CE2D7B70080EAE0 /* AuthManager.swift in Sources */ = {isa = PBXBuildFile; fileRef = B91E75331CE2D7B70080EAE0 /* AuthManager.swift */; };
		B91E75971CE2D7B70080EAE0 /* AuthResult.swift in Sources */ = {isa = PBXBuildFile; fileRef = B91E75341CE2D7B70080EAE0 /* AuthResult.swift */; };
		B91E75981CE2D7B70080EAE0 /* ConnectController.swift in Sources */ = {isa = PBXBuildFile; fileRef = B91E75351CE2D7B70080EAE0 /* ConnectController.swift */; };
		B91E75991CE2D7B70080EAE0 /* KeychainUtil.swift in Sources */ = {isa = PBXBuildFile; fileRef = B91E75361CE2D7B70080EAE0 /* KeychainUtil.swift */; };
		B91E759A1CE2D7B70080EAE0 /* CompletionHandlerType.swift in Sources */ = {isa = PBXBuildFile; fileRef = B91E75381CE2D7B70080EAE0 /* CompletionHandlerType.swift */; };
		B91E759B1CE2D7B70080EAE0 /* Error.swift in Sources */ = {isa = PBXBuildFile; fileRef = B91E75391CE2D7B70080EAE0 /* Error.swift */; };
		B91E759C1CE2D7B70080EAE0 /* HttpParameters.swift in Sources */ = {isa = PBXBuildFile; fileRef = B91E753A1CE2D7B70080EAE0 /* HttpParameters.swift */; };
		B91E759D1CE2D7B70080EAE0 /* Result.swift in Sources */ = {isa = PBXBuildFile; fileRef = B91E753B1CE2D7B70080EAE0 /* Result.swift */; };
		B91E759E1CE2D7B70080EAE0 /* ServiceRequest.swift in Sources */ = {isa = PBXBuildFile; fileRef = B91E753C1CE2D7B70080EAE0 /* ServiceRequest.swift */; };
		B91E759F1CE2D7B70080EAE0 /* ServiceResponse.swift in Sources */ = {isa = PBXBuildFile; fileRef = B91E753D1CE2D7B70080EAE0 /* ServiceResponse.swift */; };
		B91E75A01CE2D7B70080EAE0 /* SyncUtil.swift in Sources */ = {isa = PBXBuildFile; fileRef = B91E753E1CE2D7B70080EAE0 /* SyncUtil.swift */; };
		B91E75A11CE2D7B70080EAE0 /* UserAgent.swift in Sources */ = {isa = PBXBuildFile; fileRef = B91E753F1CE2D7B70080EAE0 /* UserAgent.swift */; };
		B91E75A21CE2D7B70080EAE0 /* MediaEngine.swift in Sources */ = {isa = PBXBuildFile; fileRef = B91E75411CE2D7B70080EAE0 /* MediaEngine.swift */; };
		B91E75A31CE2D7B70080EAE0 /* MediaEngineObserver.swift in Sources */ = {isa = PBXBuildFile; fileRef = B91E75421CE2D7B70080EAE0 /* MediaEngineObserver.swift */; };
		B91E75A41CE2D7B70080EAE0 /* Membership.swift in Sources */ = {isa = PBXBuildFile; fileRef = B91E75441CE2D7B70080EAE0 /* Membership.swift */; };
		B91E75A51CE2D7B70080EAE0 /* MembershipClient+Sync.swift in Sources */ = {isa = PBXBuildFile; fileRef = B91E75451CE2D7B70080EAE0 /* MembershipClient+Sync.swift */; };
		B91E75A61CE2D7B70080EAE0 /* MembershipClient.swift in Sources */ = {isa = PBXBuildFile; fileRef = B91E75461CE2D7B70080EAE0 /* MembershipClient.swift */; };
		B91E75A71CE2D7B70080EAE0 /* Message.swift in Sources */ = {isa = PBXBuildFile; fileRef = B91E75481CE2D7B70080EAE0 /* Message.swift */; };
		B91E75A81CE2D7B70080EAE0 /* MessageClient+Sync.swift in Sources */ = {isa = PBXBuildFile; fileRef = B91E75491CE2D7B70080EAE0 /* MessageClient+Sync.swift */; };
		B91E75A91CE2D7B70080EAE0 /* MessageClient.swift in Sources */ = {isa = PBXBuildFile; fileRef = B91E754A1CE2D7B70080EAE0 /* MessageClient.swift */; };
		B91E75AA1CE2D7B70080EAE0 /* Metric+Names.swift in Sources */ = {isa = PBXBuildFile; fileRef = B91E754C1CE2D7B70080EAE0 /* Metric+Names.swift */; };
		B91E75AB1CE2D7B70080EAE0 /* Metric.swift in Sources */ = {isa = PBXBuildFile; fileRef = B91E754D1CE2D7B70080EAE0 /* Metric.swift */; };
		B91E75AC1CE2D7B70080EAE0 /* MetricsBuffer.swift in Sources */ = {isa = PBXBuildFile; fileRef = B91E754E1CE2D7B70080EAE0 /* MetricsBuffer.swift */; };
		B91E75AD1CE2D7B70080EAE0 /* MetricsClient.swift in Sources */ = {isa = PBXBuildFile; fileRef = B91E754F1CE2D7B70080EAE0 /* MetricsClient.swift */; };
		B91E75AE1CE2D7B70080EAE0 /* MetricsEngine.swift in Sources */ = {isa = PBXBuildFile; fileRef = B91E75501CE2D7B70080EAE0 /* MetricsEngine.swift */; };
		B91E75AF1CE2D7B70080EAE0 /* Notifications.swift in Sources */ = {isa = PBXBuildFile; fileRef = B91E75511CE2D7B70080EAE0 /* Notifications.swift */; };
		B91E75B01CE2D7B70080EAE0 /* Person.swift in Sources */ = {isa = PBXBuildFile; fileRef = B91E75531CE2D7B70080EAE0 /* Person.swift */; };
		B91E75B11CE2D7B70080EAE0 /* PersonClient+Sync.swift in Sources */ = {isa = PBXBuildFile; fileRef = B91E75541CE2D7B70080EAE0 /* PersonClient+Sync.swift */; };
		B91E75B21CE2D7B70080EAE0 /* PersonClient.swift in Sources */ = {isa = PBXBuildFile; fileRef = B91E75551CE2D7B70080EAE0 /* PersonClient.swift */; };
		B91E75B31CE2D7B70080EAE0 /* Call.swift in Sources */ = {isa = PBXBuildFile; fileRef = B91E75581CE2D7B70080EAE0 /* Call.swift */; };
		B91E75B41CE2D7B70080EAE0 /* CallClient.swift in Sources */ = {isa = PBXBuildFile; fileRef = B91E75591CE2D7B70080EAE0 /* CallClient.swift */; };
		B91E75B51CE2D7B70080EAE0 /* CallInfoSequence.swift in Sources */ = {isa = PBXBuildFile; fileRef = B91E755A1CE2D7B70080EAE0 /* CallInfoSequence.swift */; };
		B91E75B61CE2D7B70080EAE0 /* CallManager.swift in Sources */ = {isa = PBXBuildFile; fileRef = B91E755B1CE2D7B70080EAE0 /* CallManager.swift */; };
		B91E75B71CE2D7B70080EAE0 /* CallMetrics.swift in Sources */ = {isa = PBXBuildFile; fileRef = B91E755C1CE2D7B70080EAE0 /* CallMetrics.swift */; };
		B91E75B91CE2D7B70080EAE0 /* CallState.swift in Sources */ = {isa = PBXBuildFile; fileRef = B91E755F1CE2D7B70080EAE0 /* CallState.swift */; };
		B91E75BA1CE2D7B70080EAE0 /* CallStateConnected.swift in Sources */ = {isa = PBXBuildFile; fileRef = B91E75601CE2D7B70080EAE0 /* CallStateConnected.swift */; };
		B91E75BB1CE2D7B70080EAE0 /* CallStateIdle.swift in Sources */ = {isa = PBXBuildFile; fileRef = B91E75611CE2D7B70080EAE0 /* CallStateIdle.swift */; };
		B91E75BC1CE2D7B70080EAE0 /* CallStateIncoming.swift in Sources */ = {isa = PBXBuildFile; fileRef = B91E75621CE2D7B70080EAE0 /* CallStateIncoming.swift */; };
		B91E75C21CE2D7B70080EAE0 /* CallStateOutgoing.swift in Sources */ = {isa = PBXBuildFile; fileRef = B91E75681CE2D7B70080EAE0 /* CallStateOutgoing.swift */; };
		B91E75C61CE2D7B70080EAE0 /* Device.swift in Sources */ = {isa = PBXBuildFile; fileRef = B91E756D1CE2D7B70080EAE0 /* Device.swift */; };
		B91E75C71CE2D7B70080EAE0 /* DeviceClient.swift in Sources */ = {isa = PBXBuildFile; fileRef = B91E756E1CE2D7B70080EAE0 /* DeviceClient.swift */; };
		B91E75C81CE2D7B70080EAE0 /* DeviceService.swift in Sources */ = {isa = PBXBuildFile; fileRef = B91E756F1CE2D7B70080EAE0 /* DeviceService.swift */; };
		B91E75C91CE2D7B70080EAE0 /* AlertHint.swift in Sources */ = {isa = PBXBuildFile; fileRef = B91E75711CE2D7B70080EAE0 /* AlertHint.swift */; };
		B91E75CA1CE2D7B70080EAE0 /* AlertType.swift in Sources */ = {isa = PBXBuildFile; fileRef = B91E75721CE2D7B70080EAE0 /* AlertType.swift */; };
		B91E75CB1CE2D7B70080EAE0 /* CallEvent.swift in Sources */ = {isa = PBXBuildFile; fileRef = B91E75731CE2D7B70080EAE0 /* CallEvent.swift */; };
		B91E75CC1CE2D7B70080EAE0 /* CallInfo.swift in Sources */ = {isa = PBXBuildFile; fileRef = B91E75741CE2D7B70080EAE0 /* CallInfo.swift */; };
		B91E75CD1CE2D7B70080EAE0 /* FullState.swift in Sources */ = {isa = PBXBuildFile; fileRef = B91E75751CE2D7B70080EAE0 /* FullState.swift */; };
		B91E75CE1CE2D7B70080EAE0 /* MediaConnection.swift in Sources */ = {isa = PBXBuildFile; fileRef = B91E75761CE2D7B70080EAE0 /* MediaConnection.swift */; };
		B91E75CF1CE2D7B70080EAE0 /* MediaInfo.swift in Sources */ = {isa = PBXBuildFile; fileRef = B91E75771CE2D7B70080EAE0 /* MediaInfo.swift */; };
		B91E75D01CE2D7B70080EAE0 /* Participant.swift in Sources */ = {isa = PBXBuildFile; fileRef = B91E75781CE2D7B70080EAE0 /* Participant.swift */; };
		B91E75D11CE2D7B70080EAE0 /* ParticipantDevice.swift in Sources */ = {isa = PBXBuildFile; fileRef = B91E75791CE2D7B70080EAE0 /* ParticipantDevice.swift */; };
		B91E75D21CE2D7B70080EAE0 /* ParticipantInfo.swift in Sources */ = {isa = PBXBuildFile; fileRef = B91E757A1CE2D7B70080EAE0 /* ParticipantInfo.swift */; };
		B91E75D31CE2D7B70080EAE0 /* ParticipantState.swift in Sources */ = {isa = PBXBuildFile; fileRef = B91E757B1CE2D7B70080EAE0 /* ParticipantState.swift */; };
		B91E75D41CE2D7B70080EAE0 /* ParticipantStatus.swift in Sources */ = {isa = PBXBuildFile; fileRef = B91E757C1CE2D7B70080EAE0 /* ParticipantStatus.swift */; };
		B91E75D51CE2D7B70080EAE0 /* Sequence.swift in Sources */ = {isa = PBXBuildFile; fileRef = B91E757D1CE2D7B70080EAE0 /* Sequence.swift */; };
		B91E75D61CE2D7B70080EAE0 /* Phone.swift in Sources */ = {isa = PBXBuildFile; fileRef = B91E757E1CE2D7B70080EAE0 /* Phone.swift */; };
		B91E75D71CE2D7B70080EAE0 /* WebSocketService.swift in Sources */ = {isa = PBXBuildFile; fileRef = B91E757F1CE2D7B70080EAE0 /* WebSocketService.swift */; };
		B91E75D81CE2D7B70080EAE0 /* Room.swift in Sources */ = {isa = PBXBuildFile; fileRef = B91E75811CE2D7B70080EAE0 /* Room.swift */; };
		B91E75D91CE2D7B70080EAE0 /* RoomClient+Sync.swift in Sources */ = {isa = PBXBuildFile; fileRef = B91E75821CE2D7B70080EAE0 /* RoomClient+Sync.swift */; };
		B91E75DA1CE2D7B70080EAE0 /* RoomClient.swift in Sources */ = {isa = PBXBuildFile; fileRef = B91E75831CE2D7B70080EAE0 /* RoomClient.swift */; };
		B91E75DB1CE2D7B70080EAE0 /* Spark.swift in Sources */ = {isa = PBXBuildFile; fileRef = B91E75841CE2D7B70080EAE0 /* Spark.swift */; };
		B91E75DC1CE2D7B70080EAE0 /* NSUserDefaultsAdapter.swift in Sources */ = {isa = PBXBuildFile; fileRef = B91E75861CE2D7B70080EAE0 /* NSUserDefaultsAdapter.swift */; };
		B91E75DD1CE2D7B70080EAE0 /* Storagable.swift in Sources */ = {isa = PBXBuildFile; fileRef = B91E75871CE2D7B70080EAE0 /* Storagable.swift */; };
		B91E75DE1CE2D7B70080EAE0 /* UserDefaults.swift in Sources */ = {isa = PBXBuildFile; fileRef = B91E75881CE2D7B70080EAE0 /* UserDefaults.swift */; };
		B91E75E01CE2D7B70080EAE0 /* Array+Extension.swift in Sources */ = {isa = PBXBuildFile; fileRef = B91E758B1CE2D7B70080EAE0 /* Array+Extension.swift */; };
		B91E75E11CE2D7B70080EAE0 /* Dictionary+Extension.swift in Sources */ = {isa = PBXBuildFile; fileRef = B91E758C1CE2D7B70080EAE0 /* Dictionary+Extension.swift */; };
		B91E75E21CE2D7B70080EAE0 /* NotificationObserver.swift in Sources */ = {isa = PBXBuildFile; fileRef = B91E758D1CE2D7B70080EAE0 /* NotificationObserver.swift */; };
		B91E75E31CE2D7B70080EAE0 /* NSNotification+Extension.swift in Sources */ = {isa = PBXBuildFile; fileRef = B91E758E1CE2D7B70080EAE0 /* NSNotification+Extension.swift */; };
		B91E75E41CE2D7B70080EAE0 /* SparkSDK-Bridging-Header.h in Headers */ = {isa = PBXBuildFile; fileRef = B91E758F1CE2D7B70080EAE0 /* SparkSDK-Bridging-Header.h */; };
		B91E75E61CE2D7B70080EAE0 /* Webhook.swift in Sources */ = {isa = PBXBuildFile; fileRef = B91E75921CE2D7B70080EAE0 /* Webhook.swift */; };
		B91E75E71CE2D7B70080EAE0 /* WebHookClient+Sync.swift in Sources */ = {isa = PBXBuildFile; fileRef = B91E75931CE2D7B70080EAE0 /* WebHookClient+Sync.swift */; };
		B91E75E81CE2D7B70080EAE0 /* WebhookClient.swift in Sources */ = {isa = PBXBuildFile; fileRef = B91E75941CE2D7B70080EAE0 /* WebhookClient.swift */; };
/* End PBXBuildFile section */

/* Begin PBXFileReference section */
		0938E19A696B68FAA4504A7C /* Pods.debug.xcconfig */ = {isa = PBXFileReference; includeInIndex = 1; lastKnownFileType = text.xcconfig; name = Pods.debug.xcconfig; path = "Pods/Target Support Files/Pods/Pods.debug.xcconfig"; sourceTree = "<group>"; };
		4D65734E716FD096F0DAC2CA /* Pods.release.xcconfig */ = {isa = PBXFileReference; includeInIndex = 1; lastKnownFileType = text.xcconfig; name = Pods.release.xcconfig; path = "Pods/Target Support Files/Pods/Pods.release.xcconfig"; sourceTree = "<group>"; };
		5DBC17A91CE30D7000DFF1C8 /* CallStateDisconnected.swift */ = {isa = PBXFileReference; fileEncoding = 4; lastKnownFileType = sourcecode.swift; path = CallStateDisconnected.swift; sourceTree = "<group>"; };
		5DBC17AD1CE3542700DFF1C8 /* Notifications+Locus.swift */ = {isa = PBXFileReference; fileEncoding = 4; lastKnownFileType = sourcecode.swift; path = "Notifications+Locus.swift"; sourceTree = "<group>"; };
		B900B6A41CE2DB3100DC83CB /* Wme.framework */ = {isa = PBXFileReference; lastKnownFileType = wrapper.framework; name = Wme.framework; path = MediaEngine/Wme.framework; sourceTree = "<group>"; };
		B91E75251CE2D6FF0080EAE0 /* SparkSDK.framework */ = {isa = PBXFileReference; explicitFileType = wrapper.framework; includeInIndex = 0; path = SparkSDK.framework; sourceTree = BUILT_PRODUCTS_DIR; };
		B91E75321CE2D7B70080EAE0 /* AccessToken.swift */ = {isa = PBXFileReference; fileEncoding = 4; lastKnownFileType = sourcecode.swift; path = AccessToken.swift; sourceTree = "<group>"; };
		B91E75331CE2D7B70080EAE0 /* AuthManager.swift */ = {isa = PBXFileReference; fileEncoding = 4; lastKnownFileType = sourcecode.swift; path = AuthManager.swift; sourceTree = "<group>"; };
		B91E75341CE2D7B70080EAE0 /* AuthResult.swift */ = {isa = PBXFileReference; fileEncoding = 4; lastKnownFileType = sourcecode.swift; path = AuthResult.swift; sourceTree = "<group>"; };
		B91E75351CE2D7B70080EAE0 /* ConnectController.swift */ = {isa = PBXFileReference; fileEncoding = 4; lastKnownFileType = sourcecode.swift; path = ConnectController.swift; sourceTree = "<group>"; };
		B91E75361CE2D7B70080EAE0 /* KeychainUtil.swift */ = {isa = PBXFileReference; fileEncoding = 4; lastKnownFileType = sourcecode.swift; path = KeychainUtil.swift; sourceTree = "<group>"; };
		B91E75381CE2D7B70080EAE0 /* CompletionHandlerType.swift */ = {isa = PBXFileReference; fileEncoding = 4; lastKnownFileType = sourcecode.swift; path = CompletionHandlerType.swift; sourceTree = "<group>"; };
		B91E75391CE2D7B70080EAE0 /* Error.swift */ = {isa = PBXFileReference; fileEncoding = 4; lastKnownFileType = sourcecode.swift; path = Error.swift; sourceTree = "<group>"; };
		B91E753A1CE2D7B70080EAE0 /* HttpParameters.swift */ = {isa = PBXFileReference; fileEncoding = 4; lastKnownFileType = sourcecode.swift; path = HttpParameters.swift; sourceTree = "<group>"; };
		B91E753B1CE2D7B70080EAE0 /* Result.swift */ = {isa = PBXFileReference; fileEncoding = 4; lastKnownFileType = sourcecode.swift; path = Result.swift; sourceTree = "<group>"; };
		B91E753C1CE2D7B70080EAE0 /* ServiceRequest.swift */ = {isa = PBXFileReference; fileEncoding = 4; lastKnownFileType = sourcecode.swift; path = ServiceRequest.swift; sourceTree = "<group>"; };
		B91E753D1CE2D7B70080EAE0 /* ServiceResponse.swift */ = {isa = PBXFileReference; fileEncoding = 4; lastKnownFileType = sourcecode.swift; path = ServiceResponse.swift; sourceTree = "<group>"; };
		B91E753E1CE2D7B70080EAE0 /* SyncUtil.swift */ = {isa = PBXFileReference; fileEncoding = 4; lastKnownFileType = sourcecode.swift; path = SyncUtil.swift; sourceTree = "<group>"; };
		B91E753F1CE2D7B70080EAE0 /* UserAgent.swift */ = {isa = PBXFileReference; fileEncoding = 4; lastKnownFileType = sourcecode.swift; path = UserAgent.swift; sourceTree = "<group>"; };
		B91E75411CE2D7B70080EAE0 /* MediaEngine.swift */ = {isa = PBXFileReference; fileEncoding = 4; lastKnownFileType = sourcecode.swift; path = MediaEngine.swift; sourceTree = "<group>"; };
		B91E75421CE2D7B70080EAE0 /* MediaEngineObserver.swift */ = {isa = PBXFileReference; fileEncoding = 4; lastKnownFileType = sourcecode.swift; path = MediaEngineObserver.swift; sourceTree = "<group>"; };
		B91E75441CE2D7B70080EAE0 /* Membership.swift */ = {isa = PBXFileReference; fileEncoding = 4; lastKnownFileType = sourcecode.swift; path = Membership.swift; sourceTree = "<group>"; };
		B91E75451CE2D7B70080EAE0 /* MembershipClient+Sync.swift */ = {isa = PBXFileReference; fileEncoding = 4; lastKnownFileType = sourcecode.swift; path = "MembershipClient+Sync.swift"; sourceTree = "<group>"; };
		B91E75461CE2D7B70080EAE0 /* MembershipClient.swift */ = {isa = PBXFileReference; fileEncoding = 4; lastKnownFileType = sourcecode.swift; path = MembershipClient.swift; sourceTree = "<group>"; };
		B91E75481CE2D7B70080EAE0 /* Message.swift */ = {isa = PBXFileReference; fileEncoding = 4; lastKnownFileType = sourcecode.swift; path = Message.swift; sourceTree = "<group>"; };
		B91E75491CE2D7B70080EAE0 /* MessageClient+Sync.swift */ = {isa = PBXFileReference; fileEncoding = 4; lastKnownFileType = sourcecode.swift; path = "MessageClient+Sync.swift"; sourceTree = "<group>"; };
		B91E754A1CE2D7B70080EAE0 /* MessageClient.swift */ = {isa = PBXFileReference; fileEncoding = 4; lastKnownFileType = sourcecode.swift; path = MessageClient.swift; sourceTree = "<group>"; };
		B91E754C1CE2D7B70080EAE0 /* Metric+Names.swift */ = {isa = PBXFileReference; fileEncoding = 4; lastKnownFileType = sourcecode.swift; path = "Metric+Names.swift"; sourceTree = "<group>"; };
		B91E754D1CE2D7B70080EAE0 /* Metric.swift */ = {isa = PBXFileReference; fileEncoding = 4; lastKnownFileType = sourcecode.swift; path = Metric.swift; sourceTree = "<group>"; };
		B91E754E1CE2D7B70080EAE0 /* MetricsBuffer.swift */ = {isa = PBXFileReference; fileEncoding = 4; lastKnownFileType = sourcecode.swift; path = MetricsBuffer.swift; sourceTree = "<group>"; };
		B91E754F1CE2D7B70080EAE0 /* MetricsClient.swift */ = {isa = PBXFileReference; fileEncoding = 4; lastKnownFileType = sourcecode.swift; path = MetricsClient.swift; sourceTree = "<group>"; };
		B91E75501CE2D7B70080EAE0 /* MetricsEngine.swift */ = {isa = PBXFileReference; fileEncoding = 4; lastKnownFileType = sourcecode.swift; path = MetricsEngine.swift; sourceTree = "<group>"; };
		B91E75511CE2D7B70080EAE0 /* Notifications.swift */ = {isa = PBXFileReference; fileEncoding = 4; lastKnownFileType = sourcecode.swift; path = Notifications.swift; sourceTree = "<group>"; };
		B91E75531CE2D7B70080EAE0 /* Person.swift */ = {isa = PBXFileReference; fileEncoding = 4; lastKnownFileType = sourcecode.swift; path = Person.swift; sourceTree = "<group>"; };
		B91E75541CE2D7B70080EAE0 /* PersonClient+Sync.swift */ = {isa = PBXFileReference; fileEncoding = 4; lastKnownFileType = sourcecode.swift; path = "PersonClient+Sync.swift"; sourceTree = "<group>"; };
		B91E75551CE2D7B70080EAE0 /* PersonClient.swift */ = {isa = PBXFileReference; fileEncoding = 4; lastKnownFileType = sourcecode.swift; path = PersonClient.swift; sourceTree = "<group>"; };
		B91E75581CE2D7B70080EAE0 /* Call.swift */ = {isa = PBXFileReference; fileEncoding = 4; lastKnownFileType = sourcecode.swift; path = Call.swift; sourceTree = "<group>"; };
		B91E75591CE2D7B70080EAE0 /* CallClient.swift */ = {isa = PBXFileReference; fileEncoding = 4; lastKnownFileType = sourcecode.swift; path = CallClient.swift; sourceTree = "<group>"; };
		B91E755A1CE2D7B70080EAE0 /* CallInfoSequence.swift */ = {isa = PBXFileReference; fileEncoding = 4; lastKnownFileType = sourcecode.swift; path = CallInfoSequence.swift; sourceTree = "<group>"; };
		B91E755B1CE2D7B70080EAE0 /* CallManager.swift */ = {isa = PBXFileReference; fileEncoding = 4; lastKnownFileType = sourcecode.swift; path = CallManager.swift; sourceTree = "<group>"; };
		B91E755C1CE2D7B70080EAE0 /* CallMetrics.swift */ = {isa = PBXFileReference; fileEncoding = 4; lastKnownFileType = sourcecode.swift; path = CallMetrics.swift; sourceTree = "<group>"; };
		B91E755F1CE2D7B70080EAE0 /* CallState.swift */ = {isa = PBXFileReference; fileEncoding = 4; lastKnownFileType = sourcecode.swift; path = CallState.swift; sourceTree = "<group>"; };
		B91E75601CE2D7B70080EAE0 /* CallStateConnected.swift */ = {isa = PBXFileReference; fileEncoding = 4; lastKnownFileType = sourcecode.swift; path = CallStateConnected.swift; sourceTree = "<group>"; };
		B91E75611CE2D7B70080EAE0 /* CallStateIdle.swift */ = {isa = PBXFileReference; fileEncoding = 4; lastKnownFileType = sourcecode.swift; path = CallStateIdle.swift; sourceTree = "<group>"; };
		B91E75621CE2D7B70080EAE0 /* CallStateIncoming.swift */ = {isa = PBXFileReference; fileEncoding = 4; lastKnownFileType = sourcecode.swift; path = CallStateIncoming.swift; sourceTree = "<group>"; };
		B91E75681CE2D7B70080EAE0 /* CallStateOutgoing.swift */ = {isa = PBXFileReference; fileEncoding = 4; lastKnownFileType = sourcecode.swift; path = CallStateOutgoing.swift; sourceTree = "<group>"; };
		B91E756D1CE2D7B70080EAE0 /* Device.swift */ = {isa = PBXFileReference; fileEncoding = 4; lastKnownFileType = sourcecode.swift; path = Device.swift; sourceTree = "<group>"; };
		B91E756E1CE2D7B70080EAE0 /* DeviceClient.swift */ = {isa = PBXFileReference; fileEncoding = 4; lastKnownFileType = sourcecode.swift; path = DeviceClient.swift; sourceTree = "<group>"; };
		B91E756F1CE2D7B70080EAE0 /* DeviceService.swift */ = {isa = PBXFileReference; fileEncoding = 4; lastKnownFileType = sourcecode.swift; path = DeviceService.swift; sourceTree = "<group>"; };
		B91E75711CE2D7B70080EAE0 /* AlertHint.swift */ = {isa = PBXFileReference; fileEncoding = 4; lastKnownFileType = sourcecode.swift; path = AlertHint.swift; sourceTree = "<group>"; };
		B91E75721CE2D7B70080EAE0 /* AlertType.swift */ = {isa = PBXFileReference; fileEncoding = 4; lastKnownFileType = sourcecode.swift; path = AlertType.swift; sourceTree = "<group>"; };
		B91E75731CE2D7B70080EAE0 /* CallEvent.swift */ = {isa = PBXFileReference; fileEncoding = 4; lastKnownFileType = sourcecode.swift; path = CallEvent.swift; sourceTree = "<group>"; };
		B91E75741CE2D7B70080EAE0 /* CallInfo.swift */ = {isa = PBXFileReference; fileEncoding = 4; lastKnownFileType = sourcecode.swift; path = CallInfo.swift; sourceTree = "<group>"; };
		B91E75751CE2D7B70080EAE0 /* FullState.swift */ = {isa = PBXFileReference; fileEncoding = 4; lastKnownFileType = sourcecode.swift; path = FullState.swift; sourceTree = "<group>"; };
		B91E75761CE2D7B70080EAE0 /* MediaConnection.swift */ = {isa = PBXFileReference; fileEncoding = 4; lastKnownFileType = sourcecode.swift; path = MediaConnection.swift; sourceTree = "<group>"; };
		B91E75771CE2D7B70080EAE0 /* MediaInfo.swift */ = {isa = PBXFileReference; fileEncoding = 4; lastKnownFileType = sourcecode.swift; path = MediaInfo.swift; sourceTree = "<group>"; };
		B91E75781CE2D7B70080EAE0 /* Participant.swift */ = {isa = PBXFileReference; fileEncoding = 4; lastKnownFileType = sourcecode.swift; path = Participant.swift; sourceTree = "<group>"; };
		B91E75791CE2D7B70080EAE0 /* ParticipantDevice.swift */ = {isa = PBXFileReference; fileEncoding = 4; lastKnownFileType = sourcecode.swift; path = ParticipantDevice.swift; sourceTree = "<group>"; };
		B91E757A1CE2D7B70080EAE0 /* ParticipantInfo.swift */ = {isa = PBXFileReference; fileEncoding = 4; lastKnownFileType = sourcecode.swift; path = ParticipantInfo.swift; sourceTree = "<group>"; };
		B91E757B1CE2D7B70080EAE0 /* ParticipantState.swift */ = {isa = PBXFileReference; fileEncoding = 4; lastKnownFileType = sourcecode.swift; path = ParticipantState.swift; sourceTree = "<group>"; };
		B91E757C1CE2D7B70080EAE0 /* ParticipantStatus.swift */ = {isa = PBXFileReference; fileEncoding = 4; lastKnownFileType = sourcecode.swift; path = ParticipantStatus.swift; sourceTree = "<group>"; };
		B91E757D1CE2D7B70080EAE0 /* Sequence.swift */ = {isa = PBXFileReference; fileEncoding = 4; lastKnownFileType = sourcecode.swift; path = Sequence.swift; sourceTree = "<group>"; };
		B91E757E1CE2D7B70080EAE0 /* Phone.swift */ = {isa = PBXFileReference; fileEncoding = 4; lastKnownFileType = sourcecode.swift; path = Phone.swift; sourceTree = "<group>"; };
		B91E757F1CE2D7B70080EAE0 /* WebSocketService.swift */ = {isa = PBXFileReference; fileEncoding = 4; lastKnownFileType = sourcecode.swift; path = WebSocketService.swift; sourceTree = "<group>"; };
		B91E75811CE2D7B70080EAE0 /* Room.swift */ = {isa = PBXFileReference; fileEncoding = 4; lastKnownFileType = sourcecode.swift; path = Room.swift; sourceTree = "<group>"; };
		B91E75821CE2D7B70080EAE0 /* RoomClient+Sync.swift */ = {isa = PBXFileReference; fileEncoding = 4; lastKnownFileType = sourcecode.swift; path = "RoomClient+Sync.swift"; sourceTree = "<group>"; };
		B91E75831CE2D7B70080EAE0 /* RoomClient.swift */ = {isa = PBXFileReference; fileEncoding = 4; lastKnownFileType = sourcecode.swift; path = RoomClient.swift; sourceTree = "<group>"; };
		B91E75841CE2D7B70080EAE0 /* Spark.swift */ = {isa = PBXFileReference; fileEncoding = 4; lastKnownFileType = sourcecode.swift; path = Spark.swift; sourceTree = "<group>"; };
		B91E75861CE2D7B70080EAE0 /* NSUserDefaultsAdapter.swift */ = {isa = PBXFileReference; fileEncoding = 4; lastKnownFileType = sourcecode.swift; path = NSUserDefaultsAdapter.swift; sourceTree = "<group>"; };
		B91E75871CE2D7B70080EAE0 /* Storagable.swift */ = {isa = PBXFileReference; fileEncoding = 4; lastKnownFileType = sourcecode.swift; path = Storagable.swift; sourceTree = "<group>"; };
		B91E75881CE2D7B70080EAE0 /* UserDefaults.swift */ = {isa = PBXFileReference; fileEncoding = 4; lastKnownFileType = sourcecode.swift; path = UserDefaults.swift; sourceTree = "<group>"; };
		B91E758B1CE2D7B70080EAE0 /* Array+Extension.swift */ = {isa = PBXFileReference; fileEncoding = 4; lastKnownFileType = sourcecode.swift; path = "Array+Extension.swift"; sourceTree = "<group>"; };
		B91E758C1CE2D7B70080EAE0 /* Dictionary+Extension.swift */ = {isa = PBXFileReference; fileEncoding = 4; lastKnownFileType = sourcecode.swift; path = "Dictionary+Extension.swift"; sourceTree = "<group>"; };
		B91E758D1CE2D7B70080EAE0 /* NotificationObserver.swift */ = {isa = PBXFileReference; fileEncoding = 4; lastKnownFileType = sourcecode.swift; path = NotificationObserver.swift; sourceTree = "<group>"; };
		B91E758E1CE2D7B70080EAE0 /* NSNotification+Extension.swift */ = {isa = PBXFileReference; fileEncoding = 4; lastKnownFileType = sourcecode.swift; path = "NSNotification+Extension.swift"; sourceTree = "<group>"; };
		B91E758F1CE2D7B70080EAE0 /* SparkSDK-Bridging-Header.h */ = {isa = PBXFileReference; fileEncoding = 4; lastKnownFileType = sourcecode.c.h; path = "SparkSDK-Bridging-Header.h"; sourceTree = "<group>"; };
		B91E75921CE2D7B70080EAE0 /* Webhook.swift */ = {isa = PBXFileReference; fileEncoding = 4; lastKnownFileType = sourcecode.swift; path = Webhook.swift; sourceTree = "<group>"; };
		B91E75931CE2D7B70080EAE0 /* WebHookClient+Sync.swift */ = {isa = PBXFileReference; fileEncoding = 4; lastKnownFileType = sourcecode.swift; path = "WebHookClient+Sync.swift"; sourceTree = "<group>"; };
		B91E75941CE2D7B70080EAE0 /* WebhookClient.swift */ = {isa = PBXFileReference; fileEncoding = 4; lastKnownFileType = sourcecode.swift; path = WebhookClient.swift; sourceTree = "<group>"; };
		EC736E40C6FA750F68A7C7D4 /* Pods.framework */ = {isa = PBXFileReference; explicitFileType = wrapper.framework; includeInIndex = 0; path = Pods.framework; sourceTree = BUILT_PRODUCTS_DIR; };
/* End PBXFileReference section */

/* Begin PBXFrameworksBuildPhase section */
		B91E75211CE2D6FF0080EAE0 /* Frameworks */ = {
			isa = PBXFrameworksBuildPhase;
			buildActionMask = 2147483647;
			files = (
				B900B6A51CE2DB3100DC83CB /* Wme.framework in Frameworks */,
				61D11B6DCA017A4EB01081B9 /* Pods.framework in Frameworks */,
			);
			runOnlyForDeploymentPostprocessing = 0;
		};
/* End PBXFrameworksBuildPhase section */

/* Begin PBXGroup section */
		20E5E3BD68BFD3198EE748AE /* Pods */ = {
			isa = PBXGroup;
			children = (
				0938E19A696B68FAA4504A7C /* Pods.debug.xcconfig */,
				4D65734E716FD096F0DAC2CA /* Pods.release.xcconfig */,
			);
			name = Pods;
			sourceTree = "<group>";
		};
		8838B91D70254D46671B19F1 /* Frameworks */ = {
			isa = PBXGroup;
			children = (
				B900B6A41CE2DB3100DC83CB /* Wme.framework */,
				EC736E40C6FA750F68A7C7D4 /* Pods.framework */,
			);
			name = Frameworks;
			sourceTree = "<group>";
		};
		B91E751B1CE2D6FF0080EAE0 = {
			isa = PBXGroup;
			children = (
				B91E75301CE2D7B70080EAE0 /* Source */,
				B91E75261CE2D6FF0080EAE0 /* Products */,
				20E5E3BD68BFD3198EE748AE /* Pods */,
				8838B91D70254D46671B19F1 /* Frameworks */,
			);
			sourceTree = "<group>";
		};
		B91E75261CE2D6FF0080EAE0 /* Products */ = {
			isa = PBXGroup;
			children = (
				B91E75251CE2D6FF0080EAE0 /* SparkSDK.framework */,
			);
			name = Products;
			sourceTree = "<group>";
		};
		B91E75301CE2D7B70080EAE0 /* Source */ = {
			isa = PBXGroup;
			children = (
				B91E75311CE2D7B70080EAE0 /* Auth */,
				B91E75371CE2D7B70080EAE0 /* Http */,
				B91E75401CE2D7B70080EAE0 /* Media */,
				B91E75431CE2D7B70080EAE0 /* Membership */,
				B91E75471CE2D7B70080EAE0 /* Message */,
				B91E754B1CE2D7B70080EAE0 /* Metrics */,
				B91E75511CE2D7B70080EAE0 /* Notifications.swift */,
				B91E75521CE2D7B70080EAE0 /* Person */,
				B91E75561CE2D7B70080EAE0 /* Phone */,
				B91E75801CE2D7B70080EAE0 /* Room */,
				B91E75841CE2D7B70080EAE0 /* Spark.swift */,
				B91E75851CE2D7B70080EAE0 /* Storage */,
				B91E75891CE2D7B70080EAE0 /* Utils */,
				B91E75911CE2D7B70080EAE0 /* Webhook */,
			);
			path = Source;
			sourceTree = "<group>";
		};
		B91E75311CE2D7B70080EAE0 /* Auth */ = {
			isa = PBXGroup;
			children = (
				B91E75321CE2D7B70080EAE0 /* AccessToken.swift */,
				B91E75331CE2D7B70080EAE0 /* AuthManager.swift */,
				B91E75341CE2D7B70080EAE0 /* AuthResult.swift */,
				B91E75351CE2D7B70080EAE0 /* ConnectController.swift */,
				B91E75361CE2D7B70080EAE0 /* KeychainUtil.swift */,
			);
			path = Auth;
			sourceTree = "<group>";
		};
		B91E75371CE2D7B70080EAE0 /* Http */ = {
			isa = PBXGroup;
			children = (
				B91E75381CE2D7B70080EAE0 /* CompletionHandlerType.swift */,
				B91E75391CE2D7B70080EAE0 /* Error.swift */,
				B91E753A1CE2D7B70080EAE0 /* HttpParameters.swift */,
				B91E753B1CE2D7B70080EAE0 /* Result.swift */,
				B91E753C1CE2D7B70080EAE0 /* ServiceRequest.swift */,
				B91E753D1CE2D7B70080EAE0 /* ServiceResponse.swift */,
				B91E753E1CE2D7B70080EAE0 /* SyncUtil.swift */,
				B91E753F1CE2D7B70080EAE0 /* UserAgent.swift */,
			);
			path = Http;
			sourceTree = "<group>";
		};
		B91E75401CE2D7B70080EAE0 /* Media */ = {
			isa = PBXGroup;
			children = (
				B91E75411CE2D7B70080EAE0 /* MediaEngine.swift */,
				B91E75421CE2D7B70080EAE0 /* MediaEngineObserver.swift */,
			);
			path = Media;
			sourceTree = "<group>";
		};
		B91E75431CE2D7B70080EAE0 /* Membership */ = {
			isa = PBXGroup;
			children = (
				B91E75441CE2D7B70080EAE0 /* Membership.swift */,
				B91E75451CE2D7B70080EAE0 /* MembershipClient+Sync.swift */,
				B91E75461CE2D7B70080EAE0 /* MembershipClient.swift */,
			);
			path = Membership;
			sourceTree = "<group>";
		};
		B91E75471CE2D7B70080EAE0 /* Message */ = {
			isa = PBXGroup;
			children = (
				B91E75481CE2D7B70080EAE0 /* Message.swift */,
				B91E75491CE2D7B70080EAE0 /* MessageClient+Sync.swift */,
				B91E754A1CE2D7B70080EAE0 /* MessageClient.swift */,
			);
			path = Message;
			sourceTree = "<group>";
		};
		B91E754B1CE2D7B70080EAE0 /* Metrics */ = {
			isa = PBXGroup;
			children = (
				B91E754C1CE2D7B70080EAE0 /* Metric+Names.swift */,
				B91E754D1CE2D7B70080EAE0 /* Metric.swift */,
				B91E754E1CE2D7B70080EAE0 /* MetricsBuffer.swift */,
				B91E754F1CE2D7B70080EAE0 /* MetricsClient.swift */,
				B91E75501CE2D7B70080EAE0 /* MetricsEngine.swift */,
			);
			path = Metrics;
			sourceTree = "<group>";
		};
		B91E75521CE2D7B70080EAE0 /* Person */ = {
			isa = PBXGroup;
			children = (
				B91E75531CE2D7B70080EAE0 /* Person.swift */,
				B91E75541CE2D7B70080EAE0 /* PersonClient+Sync.swift */,
				B91E75551CE2D7B70080EAE0 /* PersonClient.swift */,
			);
			path = Person;
			sourceTree = "<group>";
		};
		B91E75561CE2D7B70080EAE0 /* Phone */ = {
			isa = PBXGroup;
			children = (
				B91E75571CE2D7B70080EAE0 /* Call */,
				B91E755E1CE2D7B70080EAE0 /* CallState */,
				B91E756C1CE2D7B70080EAE0 /* Device */,
				B91E75701CE2D7B70080EAE0 /* ObjectMap */,
				B91E757E1CE2D7B70080EAE0 /* Phone.swift */,
				B91E757F1CE2D7B70080EAE0 /* WebSocketService.swift */,
			);
			path = Phone;
			sourceTree = "<group>";
		};
		B91E75571CE2D7B70080EAE0 /* Call */ = {
			isa = PBXGroup;
			children = (
				5DBC17AD1CE3542700DFF1C8 /* Notifications+Locus.swift */,
				B91E75581CE2D7B70080EAE0 /* Call.swift */,
				B91E75591CE2D7B70080EAE0 /* CallClient.swift */,
				B91E755A1CE2D7B70080EAE0 /* CallInfoSequence.swift */,
				B91E755B1CE2D7B70080EAE0 /* CallManager.swift */,
				B91E755C1CE2D7B70080EAE0 /* CallMetrics.swift */,
			);
			path = Call;
			sourceTree = "<group>";
		};
		B91E755E1CE2D7B70080EAE0 /* CallState */ = {
			isa = PBXGroup;
			children = (
				5DBC17A91CE30D7000DFF1C8 /* CallStateDisconnected.swift */,
				B91E755F1CE2D7B70080EAE0 /* CallState.swift */,
				B91E75601CE2D7B70080EAE0 /* CallStateConnected.swift */,
				B91E75611CE2D7B70080EAE0 /* CallStateIdle.swift */,
				B91E75621CE2D7B70080EAE0 /* CallStateIncoming.swift */,
				B91E75681CE2D7B70080EAE0 /* CallStateOutgoing.swift */,
			);
			path = CallState;
			sourceTree = "<group>";
		};
		B91E756C1CE2D7B70080EAE0 /* Device */ = {
			isa = PBXGroup;
			children = (
				B91E756D1CE2D7B70080EAE0 /* Device.swift */,
				B91E756E1CE2D7B70080EAE0 /* DeviceClient.swift */,
				B91E756F1CE2D7B70080EAE0 /* DeviceService.swift */,
			);
			path = Device;
			sourceTree = "<group>";
		};
		B91E75701CE2D7B70080EAE0 /* ObjectMap */ = {
			isa = PBXGroup;
			children = (
				B91E75711CE2D7B70080EAE0 /* AlertHint.swift */,
				B91E75721CE2D7B70080EAE0 /* AlertType.swift */,
				B91E75731CE2D7B70080EAE0 /* CallEvent.swift */,
				B91E75741CE2D7B70080EAE0 /* CallInfo.swift */,
				B91E75751CE2D7B70080EAE0 /* FullState.swift */,
				B91E75761CE2D7B70080EAE0 /* MediaConnection.swift */,
				B91E75771CE2D7B70080EAE0 /* MediaInfo.swift */,
				B91E75781CE2D7B70080EAE0 /* Participant.swift */,
				B91E75791CE2D7B70080EAE0 /* ParticipantDevice.swift */,
				B91E757A1CE2D7B70080EAE0 /* ParticipantInfo.swift */,
				B91E757B1CE2D7B70080EAE0 /* ParticipantState.swift */,
				B91E757C1CE2D7B70080EAE0 /* ParticipantStatus.swift */,
				B91E757D1CE2D7B70080EAE0 /* Sequence.swift */,
			);
			path = ObjectMap;
			sourceTree = "<group>";
		};
		B91E75801CE2D7B70080EAE0 /* Room */ = {
			isa = PBXGroup;
			children = (
				B91E75811CE2D7B70080EAE0 /* Room.swift */,
				B91E75821CE2D7B70080EAE0 /* RoomClient+Sync.swift */,
				B91E75831CE2D7B70080EAE0 /* RoomClient.swift */,
			);
			path = Room;
			sourceTree = "<group>";
		};
		B91E75851CE2D7B70080EAE0 /* Storage */ = {
			isa = PBXGroup;
			children = (
				B91E75861CE2D7B70080EAE0 /* NSUserDefaultsAdapter.swift */,
				B91E75871CE2D7B70080EAE0 /* Storagable.swift */,
				B91E75881CE2D7B70080EAE0 /* UserDefaults.swift */,
			);
			path = Storage;
			sourceTree = "<group>";
		};
		B91E75891CE2D7B70080EAE0 /* Utils */ = {
			isa = PBXGroup;
			children = (
				B91E758B1CE2D7B70080EAE0 /* Array+Extension.swift */,
				B91E758C1CE2D7B70080EAE0 /* Dictionary+Extension.swift */,
				B91E758D1CE2D7B70080EAE0 /* NotificationObserver.swift */,
				B91E758E1CE2D7B70080EAE0 /* NSNotification+Extension.swift */,
				B91E758F1CE2D7B70080EAE0 /* SparkSDK-Bridging-Header.h */,
			);
			path = Utils;
			sourceTree = "<group>";
		};
		B91E75911CE2D7B70080EAE0 /* Webhook */ = {
			isa = PBXGroup;
			children = (
				B91E75921CE2D7B70080EAE0 /* Webhook.swift */,
				B91E75931CE2D7B70080EAE0 /* WebHookClient+Sync.swift */,
				B91E75941CE2D7B70080EAE0 /* WebhookClient.swift */,
			);
			path = Webhook;
			sourceTree = "<group>";
		};
/* End PBXGroup section */

/* Begin PBXHeadersBuildPhase section */
		B91E75221CE2D6FF0080EAE0 /* Headers */ = {
			isa = PBXHeadersBuildPhase;
			buildActionMask = 2147483647;
			files = (
				B91E75E41CE2D7B70080EAE0 /* SparkSDK-Bridging-Header.h in Headers */,
			);
			runOnlyForDeploymentPostprocessing = 0;
		};
/* End PBXHeadersBuildPhase section */

/* Begin PBXNativeTarget section */
		B91E75241CE2D6FF0080EAE0 /* SparkSDK */ = {
			isa = PBXNativeTarget;
			buildConfigurationList = B91E752D1CE2D6FF0080EAE0 /* Build configuration list for PBXNativeTarget "SparkSDK" */;
			buildPhases = (
				085E4AB464E936E73ACE59E9 /* Check Pods Manifest.lock */,
				B91E75201CE2D6FF0080EAE0 /* Sources */,
				B91E75211CE2D6FF0080EAE0 /* Frameworks */,
				B91E75221CE2D6FF0080EAE0 /* Headers */,
				B91E75231CE2D6FF0080EAE0 /* Resources */,
				2B2A32C79D9D980F993492E1 /* Copy Pods Resources */,
			);
			buildRules = (
			);
			dependencies = (
			);
			name = SparkSDK;
			productName = SparkSDK;
			productReference = B91E75251CE2D6FF0080EAE0 /* SparkSDK.framework */;
			productType = "com.apple.product-type.framework";
		};
/* End PBXNativeTarget section */

/* Begin PBXProject section */
		B91E751C1CE2D6FF0080EAE0 /* Project object */ = {
			isa = PBXProject;
			attributes = {
				LastUpgradeCheck = 0730;
				ORGANIZATIONNAME = Cisco;
				TargetAttributes = {
					B91E75241CE2D6FF0080EAE0 = {
						CreatedOnToolsVersion = 7.3;
					};
				};
			};
			buildConfigurationList = B91E751F1CE2D6FF0080EAE0 /* Build configuration list for PBXProject "SparkSDK" */;
			compatibilityVersion = "Xcode 3.2";
			developmentRegion = English;
			hasScannedForEncodings = 0;
			knownRegions = (
				en,
			);
			mainGroup = B91E751B1CE2D6FF0080EAE0;
			productRefGroup = B91E75261CE2D6FF0080EAE0 /* Products */;
			projectDirPath = "";
			projectRoot = "";
			targets = (
				B91E75241CE2D6FF0080EAE0 /* SparkSDK */,
			);
		};
/* End PBXProject section */

/* Begin PBXResourcesBuildPhase section */
		B91E75231CE2D6FF0080EAE0 /* Resources */ = {
			isa = PBXResourcesBuildPhase;
			buildActionMask = 2147483647;
			files = (
			);
			runOnlyForDeploymentPostprocessing = 0;
		};
/* End PBXResourcesBuildPhase section */

/* Begin PBXShellScriptBuildPhase section */
		085E4AB464E936E73ACE59E9 /* Check Pods Manifest.lock */ = {
			isa = PBXShellScriptBuildPhase;
			buildActionMask = 2147483647;
			files = (
			);
			inputPaths = (
			);
			name = "Check Pods Manifest.lock";
			outputPaths = (
			);
			runOnlyForDeploymentPostprocessing = 0;
			shellPath = /bin/sh;
			shellScript = "diff \"${PODS_ROOT}/../Podfile.lock\" \"${PODS_ROOT}/Manifest.lock\" > /dev/null\nif [[ $? != 0 ]] ; then\n    cat << EOM\nerror: The sandbox is not in sync with the Podfile.lock. Run 'pod install' or update your CocoaPods installation.\nEOM\n    exit 1\nfi\n";
			showEnvVarsInLog = 0;
		};
		2B2A32C79D9D980F993492E1 /* Copy Pods Resources */ = {
			isa = PBXShellScriptBuildPhase;
			buildActionMask = 2147483647;
			files = (
			);
			inputPaths = (
			);
			name = "Copy Pods Resources";
			outputPaths = (
			);
			runOnlyForDeploymentPostprocessing = 0;
			shellPath = /bin/sh;
			shellScript = "\"${SRCROOT}/Pods/Target Support Files/Pods/Pods-resources.sh\"\n";
			showEnvVarsInLog = 0;
		};
/* End PBXShellScriptBuildPhase section */

/* Begin PBXSourcesBuildPhase section */
		B91E75201CE2D6FF0080EAE0 /* Sources */ = {
			isa = PBXSourcesBuildPhase;
			buildActionMask = 2147483647;
			files = (
				B91E75A01CE2D7B70080EAE0 /* SyncUtil.swift in Sources */,
				B91E75E71CE2D7B70080EAE0 /* WebHookClient+Sync.swift in Sources */,
				B91E759D1CE2D7B70080EAE0 /* Result.swift in Sources */,
				B91E75CE1CE2D7B70080EAE0 /* MediaConnection.swift in Sources */,
				B91E75C91CE2D7B70080EAE0 /* AlertHint.swift in Sources */,
				B91E75BC1CE2D7B70080EAE0 /* CallStateIncoming.swift in Sources */,
				B91E75B31CE2D7B70080EAE0 /* Call.swift in Sources */,
				B91E75A51CE2D7B70080EAE0 /* MembershipClient+Sync.swift in Sources */,
				B91E75E31CE2D7B70080EAE0 /* NSNotification+Extension.swift in Sources */,
				B91E75AF1CE2D7B70080EAE0 /* Notifications.swift in Sources */,
				B91E75E01CE2D7B70080EAE0 /* Array+Extension.swift in Sources */,
				B91E75D61CE2D7B70080EAE0 /* Phone.swift in Sources */,
				5DBC17AA1CE30D7000DFF1C8 /* CallStateDisconnected.swift in Sources */,
				B91E75DD1CE2D7B70080EAE0 /* Storagable.swift in Sources */,
				B91E75AE1CE2D7B70080EAE0 /* MetricsEngine.swift in Sources */,
				B91E75B41CE2D7B70080EAE0 /* CallClient.swift in Sources */,
				B91E75BB1CE2D7B70080EAE0 /* CallStateIdle.swift in Sources */,
				B91E75A81CE2D7B70080EAE0 /* MessageClient+Sync.swift in Sources */,
				B91E75D11CE2D7B70080EAE0 /* ParticipantDevice.swift in Sources */,
				B91E75981CE2D7B70080EAE0 /* ConnectController.swift in Sources */,
				B91E75E81CE2D7B70080EAE0 /* WebhookClient.swift in Sources */,
				B91E75951CE2D7B70080EAE0 /* AccessToken.swift in Sources */,
				B91E75AA1CE2D7B70080EAE0 /* Metric+Names.swift in Sources */,
				B91E75CC1CE2D7B70080EAE0 /* CallInfo.swift in Sources */,
				B91E75AC1CE2D7B70080EAE0 /* MetricsBuffer.swift in Sources */,
				B91E75AD1CE2D7B70080EAE0 /* MetricsClient.swift in Sources */,
				B91E75E21CE2D7B70080EAE0 /* NotificationObserver.swift in Sources */,
				B91E75A91CE2D7B70080EAE0 /* MessageClient.swift in Sources */,
				B91E75961CE2D7B70080EAE0 /* AuthManager.swift in Sources */,
				B91E75A61CE2D7B70080EAE0 /* MembershipClient.swift in Sources */,
				B91E75B71CE2D7B70080EAE0 /* CallMetrics.swift in Sources */,
				B91E75C81CE2D7B70080EAE0 /* DeviceService.swift in Sources */,
				B91E75B11CE2D7B70080EAE0 /* PersonClient+Sync.swift in Sources */,
				B91E75B91CE2D7B70080EAE0 /* CallState.swift in Sources */,
				B91E75CB1CE2D7B70080EAE0 /* CallEvent.swift in Sources */,
				B91E75A71CE2D7B70080EAE0 /* Message.swift in Sources */,
				B91E75AB1CE2D7B70080EAE0 /* Metric.swift in Sources */,
				B91E759C1CE2D7B70080EAE0 /* HttpParameters.swift in Sources */,
				B91E75B51CE2D7B70080EAE0 /* CallInfoSequence.swift in Sources */,
				B91E759E1CE2D7B70080EAE0 /* ServiceRequest.swift in Sources */,
				B91E75B01CE2D7B70080EAE0 /* Person.swift in Sources */,
				B91E75CD1CE2D7B70080EAE0 /* FullState.swift in Sources */,
				B91E75A41CE2D7B70080EAE0 /* Membership.swift in Sources */,
				B91E75991CE2D7B70080EAE0 /* KeychainUtil.swift in Sources */,
				B91E759A1CE2D7B70080EAE0 /* CompletionHandlerType.swift in Sources */,
				5DBC17AE1CE3542700DFF1C8 /* Notifications+Locus.swift in Sources */,
				B91E75D71CE2D7B70080EAE0 /* WebSocketService.swift in Sources */,
				B91E75B21CE2D7B70080EAE0 /* PersonClient.swift in Sources */,
				B91E75A11CE2D7B70080EAE0 /* UserAgent.swift in Sources */,
				B91E75A21CE2D7B70080EAE0 /* MediaEngine.swift in Sources */,
				B91E75A31CE2D7B70080EAE0 /* MediaEngineObserver.swift in Sources */,
				B91E75D01CE2D7B70080EAE0 /* Participant.swift in Sources */,
				B91E75C71CE2D7B70080EAE0 /* DeviceClient.swift in Sources */,
				B91E759B1CE2D7B70080EAE0 /* Error.swift in Sources */,
				B91E75D81CE2D7B70080EAE0 /* Room.swift in Sources */,
				B91E75CF1CE2D7B70080EAE0 /* MediaInfo.swift in Sources */,
				B91E75D41CE2D7B70080EAE0 /* ParticipantStatus.swift in Sources */,
				B91E75DE1CE2D7B70080EAE0 /* UserDefaults.swift in Sources */,
				B91E75D91CE2D7B70080EAE0 /* RoomClient+Sync.swift in Sources */,
				B91E75DB1CE2D7B70080EAE0 /* Spark.swift in Sources */,
				B91E75971CE2D7B70080EAE0 /* AuthResult.swift in Sources */,
				B91E75DA1CE2D7B70080EAE0 /* RoomClient.swift in Sources */,
				B91E75C21CE2D7B70080EAE0 /* CallStateOutgoing.swift in Sources */,
				B91E759F1CE2D7B70080EAE0 /* ServiceResponse.swift in Sources */,
				B91E75DC1CE2D7B70080EAE0 /* NSUserDefaultsAdapter.swift in Sources */,
				B91E75B61CE2D7B70080EAE0 /* CallManager.swift in Sources */,
				B91E75D51CE2D7B70080EAE0 /* Sequence.swift in Sources */,
				B91E75D31CE2D7B70080EAE0 /* ParticipantState.swift in Sources */,
				B91E75E11CE2D7B70080EAE0 /* Dictionary+Extension.swift in Sources */,
				B91E75CA1CE2D7B70080EAE0 /* AlertType.swift in Sources */,
				B91E75BA1CE2D7B70080EAE0 /* CallStateConnected.swift in Sources */,
				B91E75D21CE2D7B70080EAE0 /* ParticipantInfo.swift in Sources */,
				B91E75E61CE2D7B70080EAE0 /* Webhook.swift in Sources */,
				B91E75C61CE2D7B70080EAE0 /* Device.swift in Sources */,
			);
			runOnlyForDeploymentPostprocessing = 0;
		};
/* End PBXSourcesBuildPhase section */

/* Begin XCBuildConfiguration section */
		B91E752B1CE2D6FF0080EAE0 /* Debug */ = {
			isa = XCBuildConfiguration;
			buildSettings = {
				ALWAYS_SEARCH_USER_PATHS = NO;
				CLANG_ANALYZER_NONNULL = YES;
				CLANG_CXX_LANGUAGE_STANDARD = "gnu++0x";
				CLANG_CXX_LIBRARY = "libc++";
				CLANG_ENABLE_MODULES = YES;
				CLANG_ENABLE_OBJC_ARC = YES;
				CLANG_WARN_BOOL_CONVERSION = YES;
				CLANG_WARN_CONSTANT_CONVERSION = YES;
				CLANG_WARN_DIRECT_OBJC_ISA_USAGE = YES_ERROR;
				CLANG_WARN_EMPTY_BODY = YES;
				CLANG_WARN_ENUM_CONVERSION = YES;
				CLANG_WARN_INT_CONVERSION = YES;
				CLANG_WARN_OBJC_ROOT_CLASS = YES_ERROR;
				CLANG_WARN_UNREACHABLE_CODE = YES;
				CLANG_WARN__DUPLICATE_METHOD_MATCH = YES;
				"CODE_SIGN_IDENTITY[sdk=iphoneos*]" = "iPhone Developer";
				COPY_PHASE_STRIP = NO;
				CURRENT_PROJECT_VERSION = 1;
				DEBUG_INFORMATION_FORMAT = dwarf;
				ENABLE_STRICT_OBJC_MSGSEND = YES;
				ENABLE_TESTABILITY = YES;
				GCC_C_LANGUAGE_STANDARD = gnu99;
				GCC_DYNAMIC_NO_PIC = NO;
				GCC_NO_COMMON_BLOCKS = YES;
				GCC_OPTIMIZATION_LEVEL = 0;
				GCC_PREPROCESSOR_DEFINITIONS = (
					"DEBUG=1",
					"$(inherited)",
				);
				GCC_WARN_64_TO_32_BIT_CONVERSION = YES;
				GCC_WARN_ABOUT_RETURN_TYPE = YES_ERROR;
				GCC_WARN_UNDECLARED_SELECTOR = YES;
				GCC_WARN_UNINITIALIZED_AUTOS = YES_AGGRESSIVE;
				GCC_WARN_UNUSED_FUNCTION = YES;
				GCC_WARN_UNUSED_VARIABLE = YES;
				IPHONEOS_DEPLOYMENT_TARGET = 9.3;
				MTL_ENABLE_DEBUG_INFO = YES;
				ONLY_ACTIVE_ARCH = YES;
				SDKROOT = iphoneos;
				SWIFT_OPTIMIZATION_LEVEL = "-Onone";
				TARGETED_DEVICE_FAMILY = "1,2";
				VERSIONING_SYSTEM = "apple-generic";
				VERSION_INFO_PREFIX = "";
			};
			name = Debug;
		};
		B91E752C1CE2D6FF0080EAE0 /* Release */ = {
			isa = XCBuildConfiguration;
			buildSettings = {
				ALWAYS_SEARCH_USER_PATHS = NO;
				CLANG_ANALYZER_NONNULL = YES;
				CLANG_CXX_LANGUAGE_STANDARD = "gnu++0x";
				CLANG_CXX_LIBRARY = "libc++";
				CLANG_ENABLE_MODULES = YES;
				CLANG_ENABLE_OBJC_ARC = YES;
				CLANG_WARN_BOOL_CONVERSION = YES;
				CLANG_WARN_CONSTANT_CONVERSION = YES;
				CLANG_WARN_DIRECT_OBJC_ISA_USAGE = YES_ERROR;
				CLANG_WARN_EMPTY_BODY = YES;
				CLANG_WARN_ENUM_CONVERSION = YES;
				CLANG_WARN_INT_CONVERSION = YES;
				CLANG_WARN_OBJC_ROOT_CLASS = YES_ERROR;
				CLANG_WARN_UNREACHABLE_CODE = YES;
				CLANG_WARN__DUPLICATE_METHOD_MATCH = YES;
				"CODE_SIGN_IDENTITY[sdk=iphoneos*]" = "iPhone Developer";
				COPY_PHASE_STRIP = NO;
				CURRENT_PROJECT_VERSION = 1;
				DEBUG_INFORMATION_FORMAT = "dwarf-with-dsym";
				ENABLE_NS_ASSERTIONS = NO;
				ENABLE_STRICT_OBJC_MSGSEND = YES;
				GCC_C_LANGUAGE_STANDARD = gnu99;
				GCC_NO_COMMON_BLOCKS = YES;
				GCC_WARN_64_TO_32_BIT_CONVERSION = YES;
				GCC_WARN_ABOUT_RETURN_TYPE = YES_ERROR;
				GCC_WARN_UNDECLARED_SELECTOR = YES;
				GCC_WARN_UNINITIALIZED_AUTOS = YES_AGGRESSIVE;
				GCC_WARN_UNUSED_FUNCTION = YES;
				GCC_WARN_UNUSED_VARIABLE = YES;
				IPHONEOS_DEPLOYMENT_TARGET = 9.3;
				MTL_ENABLE_DEBUG_INFO = NO;
				SDKROOT = iphoneos;
				TARGETED_DEVICE_FAMILY = "1,2";
				VALIDATE_PRODUCT = YES;
				VERSIONING_SYSTEM = "apple-generic";
				VERSION_INFO_PREFIX = "";
			};
			name = Release;
		};
		B91E752E1CE2D6FF0080EAE0 /* Debug */ = {
			isa = XCBuildConfiguration;
			baseConfigurationReference = 0938E19A696B68FAA4504A7C /* Pods.debug.xcconfig */;
			buildSettings = {
				DEFINES_MODULE = YES;
				DYLIB_COMPATIBILITY_VERSION = 1;
				DYLIB_CURRENT_VERSION = 1;
				DYLIB_INSTALL_NAME_BASE = "@rpath";
				FRAMEWORK_SEARCH_PATHS = (
					"$(inherited)",
					"$(PROJECT_DIR)/MediaEngine",
				);
				INFOPLIST_FILE = $PROJECT_DIR/Source/Info.plist;
				INSTALL_PATH = "$(LOCAL_LIBRARY_DIR)/Frameworks";
				LD_RUNPATH_SEARCH_PATHS = "$(inherited) @executable_path/Frameworks @loader_path/Frameworks";
				PRODUCT_BUNDLE_IDENTIFIER = Cisco.SparkSDK;
				PRODUCT_NAME = "$(TARGET_NAME)";
				SKIP_INSTALL = YES;
				SWIFT_OBJC_BRIDGING_HEADER = "$PROJECT_DIR/Source/Utils/SparkSDK-Bridging-Header.h";
			};
			name = Debug;
		};
		B91E752F1CE2D6FF0080EAE0 /* Release */ = {
			isa = XCBuildConfiguration;
			baseConfigurationReference = 4D65734E716FD096F0DAC2CA /* Pods.release.xcconfig */;
			buildSettings = {
				DEFINES_MODULE = YES;
				DYLIB_COMPATIBILITY_VERSION = 1;
				DYLIB_CURRENT_VERSION = 1;
				DYLIB_INSTALL_NAME_BASE = "@rpath";
				FRAMEWORK_SEARCH_PATHS = (
					"$(inherited)",
					"$(PROJECT_DIR)/MediaEngine",
				);
				INFOPLIST_FILE = $PROJECT_DIR/Source/Info.plist;
				INSTALL_PATH = "$(LOCAL_LIBRARY_DIR)/Frameworks";
				LD_RUNPATH_SEARCH_PATHS = "$(inherited) @executable_path/Frameworks @loader_path/Frameworks";
				PRODUCT_BUNDLE_IDENTIFIER = Cisco.SparkSDK;
				PRODUCT_NAME = "$(TARGET_NAME)";
				SKIP_INSTALL = YES;
				SWIFT_OBJC_BRIDGING_HEADER = "$PROJECT_DIR/Source/Utils/SparkSDK-Bridging-Header.h";
			};
			name = Release;
		};
/* End XCBuildConfiguration section */

/* Begin XCConfigurationList section */
		B91E751F1CE2D6FF0080EAE0 /* Build configuration list for PBXProject "SparkSDK" */ = {
			isa = XCConfigurationList;
			buildConfigurations = (
				B91E752B1CE2D6FF0080EAE0 /* Debug */,
				B91E752C1CE2D6FF0080EAE0 /* Release */,
			);
			defaultConfigurationIsVisible = 0;
			defaultConfigurationName = Release;
		};
		B91E752D1CE2D6FF0080EAE0 /* Build configuration list for PBXNativeTarget "SparkSDK" */ = {
			isa = XCConfigurationList;
			buildConfigurations = (
				B91E752E1CE2D6FF0080EAE0 /* Debug */,
				B91E752F1CE2D6FF0080EAE0 /* Release */,
			);
			defaultConfigurationIsVisible = 0;
			defaultConfigurationName = Release;
		};
/* End XCConfigurationList section */
	};
	rootObject = B91E751C1CE2D6FF0080EAE0 /* Project object */;
}
